{
  "name": "smc-util",
  "version": "1.0.0",
  "lockfileVersion": 1,
  "requires": true,
  "dependencies": {
    "abbrev": {
      "version": "1.0.9",
      "resolved": "https://registry.npmjs.org/abbrev/-/abbrev-1.0.9.tgz",
      "integrity": "sha1-kbR5JYinc4wl813W9jdSovh3YTU=",
      "dev": true
    },
    "align-text": {
      "version": "0.1.4",
      "resolved": "https://registry.npmjs.org/align-text/-/align-text-0.1.4.tgz",
      "integrity": "sha1-DNkKVhCT810KmSVsIrcGlDP60Rc=",
      "dev": true,
      "requires": {
        "kind-of": "^3.0.2",
        "longest": "^1.0.1",
        "repeat-string": "^1.5.2"
      }
    },
    "amdefine": {
      "version": "1.0.1",
      "resolved": "https://registry.npmjs.org/amdefine/-/amdefine-1.0.1.tgz",
      "integrity": "sha1-SlKCrBZHKek2Gbz9OtFR+BfOkfU=",
      "dev": true
    },
    "argparse": {
      "version": "1.0.9",
      "resolved": "https://registry.npmjs.org/argparse/-/argparse-1.0.9.tgz",
      "integrity": "sha1-c9g7wmP4bpf4zE9rrhsOkKfSLIY=",
      "dev": true,
      "requires": {
        "sprintf-js": "~1.0.2"
      }
    },
    "asap": {
      "version": "2.0.6",
      "resolved": "https://registry.npmjs.org/asap/-/asap-2.0.6.tgz",
      "integrity": "sha1-5QNHYR1+aQlDIIu9r+vLwvuGbUY="
    },
    "async": {
      "version": "1.5.2",
      "resolved": "https://registry.npmjs.org/async/-/async-1.5.2.tgz",
      "integrity": "sha1-7GphrlZIDAw8skHJVhjiCJL5Zyo="
    },
    "balanced-match": {
      "version": "1.0.0",
      "resolved": "https://registry.npmjs.org/balanced-match/-/balanced-match-1.0.0.tgz",
      "integrity": "sha1-ibTRmasr7kneFk6gK4nORi1xt2c="
    },
    "brace-expansion": {
      "version": "1.1.8",
      "resolved": "https://registry.npmjs.org/brace-expansion/-/brace-expansion-1.1.8.tgz",
      "integrity": "sha1-wHshHHyVLsH479Uad+8NHTmQopI=",
      "requires": {
        "balanced-match": "^1.0.0",
        "concat-map": "0.0.1"
      }
    },
    "camelcase": {
      "version": "1.2.1",
      "resolved": "https://registry.npmjs.org/camelcase/-/camelcase-1.2.1.tgz",
      "integrity": "sha1-m7UwTS4LVmmLLHWLCKPqqdqlijk=",
      "dev": true,
      "optional": true
    },
    "center-align": {
      "version": "0.1.3",
      "resolved": "https://registry.npmjs.org/center-align/-/center-align-0.1.3.tgz",
      "integrity": "sha1-qg0yYptu6XIgBBHL1EYckHvCt60=",
      "dev": true,
      "optional": true,
      "requires": {
        "align-text": "^0.1.3",
        "lazy-cache": "^1.0.3"
      }
    },
    "charenc": {
      "version": "0.0.2",
      "resolved": "https://registry.npmjs.org/charenc/-/charenc-0.0.2.tgz",
      "integrity": "sha1-wKHS86cJLgN3S/qD8UwPxXkKhmc="
    },
    "cliui": {
      "version": "2.1.0",
      "resolved": "https://registry.npmjs.org/cliui/-/cliui-2.1.0.tgz",
      "integrity": "sha1-S0dXYP+AJkx2LDoXGQMukcf+oNE=",
      "dev": true,
      "optional": true,
      "requires": {
        "center-align": "^0.1.1",
        "right-align": "^0.1.1",
        "wordwrap": "0.0.2"
      },
      "dependencies": {
        "wordwrap": {
          "version": "0.0.2",
          "resolved": "https://registry.npmjs.org/wordwrap/-/wordwrap-0.0.2.tgz",
          "integrity": "sha1-t5Zpu0LstAn4PVg8rVLKF+qhZD8=",
          "dev": true,
          "optional": true
        }
      }
    },
    "coffee-cache": {
      "version": "1.0.2",
      "resolved": "https://registry.npmjs.org/coffee-cache/-/coffee-cache-1.0.2.tgz",
      "integrity": "sha1-vsXwH0a2iyVEYTH8qOTsLu/fCcE=",
      "requires": {
        "mkpath": "0.1.0"
      }
    },
    "coffee-coverage": {
      "version": "0.6.3",
      "resolved": "https://registry.npmjs.org/coffee-coverage/-/coffee-coverage-0.6.3.tgz",
      "integrity": "sha1-9poJcdgKyMFC8e/rwakywsKAuzE=",
      "dev": true,
      "requires": {
        "argparse": "^1.0.2",
        "coffee-script": ">=1.6.2",
        "lodash": "^3.7.0",
        "pkginfo": ">=0.2.3"
      },
      "dependencies": {
        "coffee-script": {
          "version": "1.12.7",
          "resolved": "https://registry.npmjs.org/coffee-script/-/coffee-script-1.12.7.tgz",
          "integrity": "sha512-fLeEhqwymYat/MpTPUjSKHVYYl0ec2mOyALEMLmzr5i1isuG+6jfI2j2d5oBO3VIzgUXgBVIcOT9uH1TFxBckw==",
          "dev": true
        }
      }
    },
    "coffee-register-cache": {
      "version": "0.0.0",
      "resolved": "https://registry.npmjs.org/coffee-register-cache/-/coffee-register-cache-0.0.0.tgz",
      "integrity": "sha1-rB4t+52id/DAmD7E4svDdSq8noo=",
      "requires": {
        "coffee-script": "^1.8.0",
        "fs-plus": "^2.3.0"
      },
      "dependencies": {
        "coffee-script": {
          "version": "1.12.7",
          "resolved": "https://registry.npmjs.org/coffee-script/-/coffee-script-1.12.7.tgz",
          "integrity": "sha512-fLeEhqwymYat/MpTPUjSKHVYYl0ec2mOyALEMLmzr5i1isuG+6jfI2j2d5oBO3VIzgUXgBVIcOT9uH1TFxBckw=="
        }
      }
    },
    "coffeelint": {
      "version": "1.16.0",
      "resolved": "https://registry.npmjs.org/coffeelint/-/coffeelint-1.16.0.tgz",
      "integrity": "sha1-g9jtHa/eOmd95E57ihi+YHdh5tg=",
      "requires": {
        "coffee-script": "~1.11.0",
        "glob": "^7.0.6",
        "ignore": "^3.0.9",
        "optimist": "^0.6.1",
        "resolve": "^0.6.3",
        "strip-json-comments": "^1.0.2"
      },
      "dependencies": {
        "coffee-script": {
          "version": "1.11.1",
          "resolved": "https://registry.npmjs.org/coffee-script/-/coffee-script-1.11.1.tgz",
          "integrity": "sha1-vxxHrWREOg2V0S3ysUfMCk2q1uk="
        }
      }
    },
    "coffeescript": {
      "version": "2.1.1",
      "resolved": "https://registry.npmjs.org/coffeescript/-/coffeescript-2.1.1.tgz",
      "integrity": "sha512-Tl2z6/rNMqJ2LqWlVxLKwLF9FniwJpweonfSLCwhX8NFCEsGBcFIErtfKd8+t4XHDSYRshj9FXxPX53BT3lC9w=="
    },
    "commander": {
      "version": "2.3.0",
      "resolved": "https://registry.npmjs.org/commander/-/commander-2.3.0.tgz",
      "integrity": "sha1-/UMOiJgy7DU7ms0d4hfBHLPu+HM=",
      "dev": true
    },
    "concat-map": {
      "version": "0.0.1",
      "resolved": "https://registry.npmjs.org/concat-map/-/concat-map-0.0.1.tgz",
      "integrity": "sha1-2Klr13/Wjfd5OnMDajug1UBdR3s="
    },
    "core-js": {
      "version": "1.2.7",
      "resolved": "https://registry.npmjs.org/core-js/-/core-js-1.2.7.tgz",
      "integrity": "sha1-ZSKUwUZR2yj6k70tX/KYOk8IxjY="
    },
    "crypt": {
      "version": "0.0.2",
      "resolved": "https://registry.npmjs.org/crypt/-/crypt-0.0.2.tgz",
      "integrity": "sha1-iNf/fsDfuG9xPch7u0LQRNPmxBs="
    },
    "debug": {
      "version": "2.2.0",
      "resolved": "https://registry.npmjs.org/debug/-/debug-2.2.0.tgz",
      "integrity": "sha1-+HBX6ZWxofauaklgZkE3vFbwOdo=",
      "dev": true,
      "requires": {
        "ms": "0.7.1"
      }
    },
    "decamelize": {
      "version": "1.2.0",
      "resolved": "https://registry.npmjs.org/decamelize/-/decamelize-1.2.0.tgz",
      "integrity": "sha1-9lNNFRSCabIDUue+4m9QH5oZEpA=",
      "dev": true,
      "optional": true
    },
    "deep-is": {
      "version": "0.1.3",
      "resolved": "https://registry.npmjs.org/deep-is/-/deep-is-0.1.3.tgz",
      "integrity": "sha1-s2nW+128E+7PUk+RsHD+7cNXzzQ=",
      "dev": true
    },
    "define-properties": {
      "version": "1.1.2",
      "resolved": "https://registry.npmjs.org/define-properties/-/define-properties-1.1.2.tgz",
      "integrity": "sha1-g6c/L+pWmJj7c3GTyPhzyvbUXJQ=",
      "dev": true,
      "requires": {
        "foreach": "^2.0.5",
        "object-keys": "^1.0.8"
      }
    },
    "diff": {
      "version": "1.4.0",
      "resolved": "https://registry.npmjs.org/diff/-/diff-1.4.0.tgz",
      "integrity": "sha1-fyjS657nsVqX79ic5j3P2qPMur8=",
      "dev": true
    },
    "encoding": {
      "version": "0.1.12",
      "resolved": "https://registry.npmjs.org/encoding/-/encoding-0.1.12.tgz",
      "integrity": "sha1-U4tm8+5izRq1HsMjgp0flIDHS+s=",
      "requires": {
        "iconv-lite": "~0.4.13"
      }
    },
    "es-abstract": {
      "version": "1.10.0",
      "resolved": "https://registry.npmjs.org/es-abstract/-/es-abstract-1.10.0.tgz",
      "integrity": "sha512-/uh/DhdqIOSkAWifU+8nG78vlQxdLckUdI/sPgy0VhuXi2qJ7T8czBmqIYtLQVpCIFYafChnsRsB5pyb1JdmCQ==",
      "dev": true,
      "requires": {
        "es-to-primitive": "^1.1.1",
        "function-bind": "^1.1.1",
        "has": "^1.0.1",
        "is-callable": "^1.1.3",
        "is-regex": "^1.0.4"
      }
    },
    "es-to-primitive": {
      "version": "1.1.1",
      "resolved": "https://registry.npmjs.org/es-to-primitive/-/es-to-primitive-1.1.1.tgz",
      "integrity": "sha1-RTVSSKiJeQNLZ5Lhm7gfK3l13Q0=",
      "dev": true,
      "requires": {
        "is-callable": "^1.1.1",
        "is-date-object": "^1.0.1",
        "is-symbol": "^1.0.1"
      }
    },
    "escape-string-regexp": {
      "version": "1.0.2",
      "resolved": "https://registry.npmjs.org/escape-string-regexp/-/escape-string-regexp-1.0.2.tgz",
      "integrity": "sha1-Tbwv5nTnGUnK8/smlc5/LcHZqNE=",
      "dev": true
    },
    "escodegen": {
      "version": "1.8.1",
      "resolved": "https://registry.npmjs.org/escodegen/-/escodegen-1.8.1.tgz",
      "integrity": "sha1-WltTr0aTEQvrsIZ6o0MN07cKEBg=",
      "dev": true,
      "requires": {
        "esprima": "^2.7.1",
        "estraverse": "^1.9.1",
        "esutils": "^2.0.2",
        "optionator": "^0.8.1",
        "source-map": "~0.2.0"
      }
    },
    "esprima": {
      "version": "2.7.3",
      "resolved": "https://registry.npmjs.org/esprima/-/esprima-2.7.3.tgz",
      "integrity": "sha1-luO3DVd59q1JzQMmc9HDEnZ7pYE=",
      "dev": true
    },
    "estraverse": {
      "version": "1.9.3",
      "resolved": "https://registry.npmjs.org/estraverse/-/estraverse-1.9.3.tgz",
      "integrity": "sha1-r2fy3JIlgkFZUJJgkaQAXSnJu0Q=",
      "dev": true
    },
    "esutils": {
      "version": "2.0.2",
      "resolved": "https://registry.npmjs.org/esutils/-/esutils-2.0.2.tgz",
      "integrity": "sha1-Cr9PHKpbyx96nYrMbepPqqBLrJs=",
      "dev": true
    },
    "expect": {
      "version": "1.20.2",
      "resolved": "https://registry.npmjs.org/expect/-/expect-1.20.2.tgz",
      "integrity": "sha1-1Fj+TFYAQDa64yMkFqP2Nh8E+WU=",
      "dev": true,
      "requires": {
        "define-properties": "~1.1.2",
        "has": "^1.0.1",
        "is-equal": "^1.5.1",
        "is-regex": "^1.0.3",
        "object-inspect": "^1.1.0",
        "object-keys": "^1.0.9",
        "tmatch": "^2.0.1"
      }
    },
    "fast-levenshtein": {
      "version": "2.0.6",
      "resolved": "https://registry.npmjs.org/fast-levenshtein/-/fast-levenshtein-2.0.6.tgz",
      "integrity": "sha1-PYpcZog6FqMMqGQ+hR8Zuqd5eRc=",
      "dev": true
    },
    "fbjs": {
      "version": "0.8.16",
      "resolved": "https://registry.npmjs.org/fbjs/-/fbjs-0.8.16.tgz",
      "integrity": "sha1-XmdDL1UNxBtXK/VYR7ispk5TN9s=",
      "requires": {
        "core-js": "^1.0.0",
        "isomorphic-fetch": "^2.1.1",
        "loose-envify": "^1.0.0",
        "object-assign": "^4.1.0",
        "promise": "^7.1.1",
        "setimmediate": "^1.0.5",
        "ua-parser-js": "^0.7.9"
      }
    },
    "foreach": {
      "version": "2.0.5",
      "resolved": "https://registry.npmjs.org/foreach/-/foreach-2.0.5.tgz",
      "integrity": "sha1-C+4AUBiusmDQo6865ljdATbsG5k=",
      "dev": true
    },
    "formatio": {
      "version": "1.1.1",
      "resolved": "https://registry.npmjs.org/formatio/-/formatio-1.1.1.tgz",
      "integrity": "sha1-XtPM1jZVEJc4NGXZlhmRAOhhYek=",
      "dev": true,
      "requires": {
        "samsam": "~1.1"
      }
    },
    "fs-plus": {
      "version": "2.10.1",
      "resolved": "https://registry.npmjs.org/fs-plus/-/fs-plus-2.10.1.tgz",
      "integrity": "sha1-MgR4HXhAYR5jZOe2+wWMljJ8WqU=",
      "requires": {
        "async": "^1.5.2",
        "mkdirp": "^0.5.1",
        "rimraf": "^2.5.2",
        "underscore-plus": "1.x"
      }
    },
    "fs.realpath": {
      "version": "1.0.0",
      "resolved": "https://registry.npmjs.org/fs.realpath/-/fs.realpath-1.0.0.tgz",
      "integrity": "sha1-FQStJSMVjKpA20onh8sBQRmU6k8="
    },
    "function-bind": {
      "version": "1.1.1",
      "resolved": "https://registry.npmjs.org/function-bind/-/function-bind-1.1.1.tgz",
      "integrity": "sha512-yIovAzMX49sF8Yl58fSCWJ5svSLuaibPxXQJFLmBObTuCr0Mf1KiPopGM9NiFjiYBCbfaa2Fh6breQ6ANVTI0A==",
      "dev": true
    },
    "glob": {
      "version": "7.1.2",
      "resolved": "https://registry.npmjs.org/glob/-/glob-7.1.2.tgz",
      "integrity": "sha512-MJTUg1kjuLeQCJ+ccE4Vpa6kKVXkPYJ2mOCQyUuKLcLQsdrMCpBPUi8qVE6+YuaJkozeA9NusTAw3hLr8Xe5EQ==",
      "requires": {
        "fs.realpath": "^1.0.0",
        "inflight": "^1.0.4",
        "inherits": "2",
        "minimatch": "^3.0.4",
        "once": "^1.3.0",
        "path-is-absolute": "^1.0.0"
      }
    },
    "growl": {
      "version": "1.9.2",
      "resolved": "https://registry.npmjs.org/growl/-/growl-1.9.2.tgz",
      "integrity": "sha1-Dqd0NxXbjY3ixe3hd14bRayFwC8=",
      "dev": true
    },
    "handlebars": {
      "version": "4.0.11",
      "resolved": "https://registry.npmjs.org/handlebars/-/handlebars-4.0.11.tgz",
      "integrity": "sha1-Ywo13+ApS8KB7a5v/F0yn8eYLcw=",
      "dev": true,
      "requires": {
        "async": "^1.4.0",
        "optimist": "^0.6.1",
        "source-map": "^0.4.4",
        "uglify-js": "^2.6"
      },
      "dependencies": {
        "source-map": {
          "version": "0.4.4",
          "resolved": "https://registry.npmjs.org/source-map/-/source-map-0.4.4.tgz",
          "integrity": "sha1-66T12pwNyZneaAMti092FzZSA2s=",
          "dev": true,
          "requires": {
            "amdefine": ">=0.0.4"
          }
        }
      }
    },
    "has": {
      "version": "1.0.1",
      "resolved": "https://registry.npmjs.org/has/-/has-1.0.1.tgz",
      "integrity": "sha1-hGFzP1OLCDfJNh45qauelwTcLyg=",
      "dev": true,
      "requires": {
        "function-bind": "^1.0.2"
      }
    },
    "has-flag": {
      "version": "1.0.0",
      "resolved": "https://registry.npmjs.org/has-flag/-/has-flag-1.0.0.tgz",
      "integrity": "sha1-nZ55MWXOAXoA8AQYxD+UKnsdEfo=",
      "dev": true
    },
    "iconv-lite": {
      "version": "0.4.19",
      "resolved": "https://registry.npmjs.org/iconv-lite/-/iconv-lite-0.4.19.tgz",
      "integrity": "sha512-oTZqweIP51xaGPI4uPa56/Pri/480R+mo7SeU+YETByQNhDG55ycFyNLIgta9vXhILrxXDmF7ZGhqZIcuN0gJQ=="
    },
    "ignore": {
      "version": "3.3.7",
      "resolved": "https://registry.npmjs.org/ignore/-/ignore-3.3.7.tgz",
      "integrity": "sha512-YGG3ejvBNHRqu0559EOxxNFihD0AjpvHlC/pdGKd3X3ofe+CoJkYazwNJYTNebqpPKN+VVQbh4ZFn1DivMNuHA=="
    },
    "immutable": {
      "version": "3.8.2",
      "resolved": "https://registry.npmjs.org/immutable/-/immutable-3.8.2.tgz",
      "integrity": "sha1-wkOZUUVbs5kT2vKBN28VMOEErfM="
    },
    "inflight": {
      "version": "1.0.6",
      "resolved": "https://registry.npmjs.org/inflight/-/inflight-1.0.6.tgz",
      "integrity": "sha1-Sb1jMdfQLQwJvJEKEHW6gWW1bfk=",
      "requires": {
        "once": "^1.3.0",
        "wrappy": "1"
      }
    },
    "inherits": {
      "version": "2.0.3",
      "resolved": "https://registry.npmjs.org/inherits/-/inherits-2.0.3.tgz",
      "integrity": "sha1-Yzwsg+PaQqUC9SRmAiSA9CCCYd4="
    },
    "is-arrow-function": {
      "version": "2.0.3",
      "resolved": "https://registry.npmjs.org/is-arrow-function/-/is-arrow-function-2.0.3.tgz",
      "integrity": "sha1-Kb4sLY2UUIUri7r7Y1unuNjofsI=",
      "dev": true,
      "requires": {
        "is-callable": "^1.0.4"
      }
    },
    "is-boolean-object": {
      "version": "1.0.0",
      "resolved": "https://registry.npmjs.org/is-boolean-object/-/is-boolean-object-1.0.0.tgz",
      "integrity": "sha1-mPiygDBoQhmpXzdc+9iM40Bd/5M=",
      "dev": true
    },
    "is-buffer": {
      "version": "1.1.6",
      "resolved": "https://registry.npmjs.org/is-buffer/-/is-buffer-1.1.6.tgz",
      "integrity": "sha512-NcdALwpXkTm5Zvvbk7owOUSvVvBKDgKP5/ewfXEznmQFfs4ZRmanOeKBTjRVjka3QFoN6XJ+9F3USqfHqTaU5w==",
      "dev": true
    },
    "is-callable": {
      "version": "1.1.3",
      "resolved": "https://registry.npmjs.org/is-callable/-/is-callable-1.1.3.tgz",
      "integrity": "sha1-hut1OSgF3cM69xySoO7fdO52BLI=",
      "dev": true
    },
    "is-date-object": {
      "version": "1.0.1",
      "resolved": "https://registry.npmjs.org/is-date-object/-/is-date-object-1.0.1.tgz",
      "integrity": "sha1-mqIOtq7rv/d/vTPnTKAbM1gdOhY=",
      "dev": true
    },
    "is-equal": {
      "version": "1.5.5",
      "resolved": "https://registry.npmjs.org/is-equal/-/is-equal-1.5.5.tgz",
      "integrity": "sha1-XoXxlX4FKIMkf+s4aWWju6Ffuz0=",
      "dev": true,
      "requires": {
        "has": "^1.0.1",
        "is-arrow-function": "^2.0.3",
        "is-boolean-object": "^1.0.0",
        "is-callable": "^1.1.3",
        "is-date-object": "^1.0.1",
        "is-generator-function": "^1.0.6",
        "is-number-object": "^1.0.3",
        "is-regex": "^1.0.3",
        "is-string": "^1.0.4",
        "is-symbol": "^1.0.1",
        "object.entries": "^1.0.4"
      }
    },
    "is-generator-function": {
      "version": "1.0.7",
      "resolved": "https://registry.npmjs.org/is-generator-function/-/is-generator-function-1.0.7.tgz",
      "integrity": "sha512-YZc5EwyO4f2kWCax7oegfuSr9mFz1ZvieNYBEjmukLxgXfBUbxAWGVF7GZf0zidYtoBl3WvC07YK0wT76a+Rtw==",
      "dev": true
    },
    "is-number-object": {
      "version": "1.0.3",
      "resolved": "https://registry.npmjs.org/is-number-object/-/is-number-object-1.0.3.tgz",
      "integrity": "sha1-8mWrian0RQNO9q/xWo8AsA9VF5k=",
      "dev": true
    },
    "is-regex": {
      "version": "1.0.4",
      "resolved": "https://registry.npmjs.org/is-regex/-/is-regex-1.0.4.tgz",
      "integrity": "sha1-VRdIm1RwkbCTDglWVM7SXul+lJE=",
      "dev": true,
      "requires": {
        "has": "^1.0.1"
      }
    },
    "is-stream": {
      "version": "1.1.0",
      "resolved": "https://registry.npmjs.org/is-stream/-/is-stream-1.1.0.tgz",
      "integrity": "sha1-EtSj3U5o4Lec6428hBc66A2RykQ="
    },
    "is-string": {
      "version": "1.0.4",
      "resolved": "https://registry.npmjs.org/is-string/-/is-string-1.0.4.tgz",
      "integrity": "sha1-zDqbaYV9Yh6WNyWiTK7shzuCbmQ=",
      "dev": true
    },
    "is-symbol": {
      "version": "1.0.1",
      "resolved": "https://registry.npmjs.org/is-symbol/-/is-symbol-1.0.1.tgz",
      "integrity": "sha1-PMWfAAJRlLarLjjbrmaJJWtmBXI=",
      "dev": true
    },
    "isexe": {
      "version": "2.0.0",
      "resolved": "https://registry.npmjs.org/isexe/-/isexe-2.0.0.tgz",
      "integrity": "sha1-6PvzdNxVb/iUehDcsFctYz8s+hA=",
      "dev": true
    },
    "isomorphic-fetch": {
      "version": "2.2.1",
      "resolved": "https://registry.npmjs.org/isomorphic-fetch/-/isomorphic-fetch-2.2.1.tgz",
      "integrity": "sha1-YRrhrPFPXoH3KVB0coGf6XM1WKk=",
      "requires": {
        "node-fetch": "^1.0.1",
        "whatwg-fetch": ">=0.10.0"
      }
    },
    "istanbul": {
      "version": "0.4.5",
      "resolved": "https://registry.npmjs.org/istanbul/-/istanbul-0.4.5.tgz",
      "integrity": "sha1-ZcfXPUxNqE1POsMQuRj7C4Azczs=",
      "dev": true,
      "requires": {
        "abbrev": "1.0.x",
        "async": "1.x",
        "escodegen": "1.8.x",
        "esprima": "2.7.x",
        "glob": "^5.0.15",
        "handlebars": "^4.0.1",
        "js-yaml": "3.x",
        "mkdirp": "0.5.x",
        "nopt": "3.x",
        "once": "1.x",
        "resolve": "1.1.x",
        "supports-color": "^3.1.0",
        "which": "^1.1.1",
        "wordwrap": "^1.0.0"
      },
      "dependencies": {
        "glob": {
          "version": "5.0.15",
          "resolved": "https://registry.npmjs.org/glob/-/glob-5.0.15.tgz",
          "integrity": "sha1-G8k2ueAvSmA/zCIuz3Yz0wuLk7E=",
          "dev": true,
          "requires": {
            "inflight": "^1.0.4",
            "inherits": "2",
            "minimatch": "2 || 3",
            "once": "^1.3.0",
            "path-is-absolute": "^1.0.0"
          }
        },
        "resolve": {
          "version": "1.1.7",
          "resolved": "https://registry.npmjs.org/resolve/-/resolve-1.1.7.tgz",
          "integrity": "sha1-IDEU2CrSxe2ejgQRs5ModeiJ6Xs=",
          "dev": true
        },
        "wordwrap": {
          "version": "1.0.0",
          "resolved": "https://registry.npmjs.org/wordwrap/-/wordwrap-1.0.0.tgz",
          "integrity": "sha1-J1hIEIkUVqQXHI0CJkQa3pDLyus=",
          "dev": true
        }
      }
    },
    "jade": {
      "version": "0.26.3",
      "resolved": "https://registry.npmjs.org/jade/-/jade-0.26.3.tgz",
      "integrity": "sha1-jxDXl32NefL2/4YqgbBRPMslaGw=",
      "dev": true,
      "requires": {
        "commander": "0.6.1",
        "mkdirp": "0.3.0"
      },
      "dependencies": {
        "commander": {
          "version": "0.6.1",
          "resolved": "https://registry.npmjs.org/commander/-/commander-0.6.1.tgz",
          "integrity": "sha1-+mihT2qUXVTbvlDYzbMyDp47GgY=",
          "dev": true
        },
        "mkdirp": {
          "version": "0.3.0",
          "resolved": "https://registry.npmjs.org/mkdirp/-/mkdirp-0.3.0.tgz",
          "integrity": "sha1-G79asbqCevI1dRQ0kEJkVfSB/h4=",
          "dev": true
        }
      }
    },
    "js-tokens": {
      "version": "3.0.2",
      "resolved": "https://registry.npmjs.org/js-tokens/-/js-tokens-3.0.2.tgz",
      "integrity": "sha1-mGbfOVECEw449/mWvOtlRDIJwls="
    },
    "js-yaml": {
      "version": "3.10.0",
      "resolved": "https://registry.npmjs.org/js-yaml/-/js-yaml-3.10.0.tgz",
      "integrity": "sha512-O2v52ffjLa9VeM43J4XocZE//WT9N0IiwDa3KSHH7Tu8CtH+1qM8SIZvnsTh6v+4yFy5KUY3BHUVwjpfAWsjIA==",
      "dev": true,
      "requires": {
        "argparse": "^1.0.7",
        "esprima": "^4.0.0"
      },
      "dependencies": {
        "esprima": {
          "version": "4.0.0",
          "resolved": "https://registry.npmjs.org/esprima/-/esprima-4.0.0.tgz",
          "integrity": "sha512-oftTcaMu/EGrEIu904mWteKIv8vMuOgGYo7EhVJJN00R/EED9DCua/xxHRdYnKtcECzVg7xOWhflvJMnqcFZjw==",
          "dev": true
        }
      }
    },
    "json-stable-stringify": {
      "version": "1.0.1",
      "resolved": "https://registry.npmjs.org/json-stable-stringify/-/json-stable-stringify-1.0.1.tgz",
      "integrity": "sha1-mnWdOcXy/1A/1TAGRu1EX4jE+a8=",
      "requires": {
        "jsonify": "~0.0.0"
      }
    },
    "jsonify": {
      "version": "0.0.0",
      "resolved": "https://registry.npmjs.org/jsonify/-/jsonify-0.0.0.tgz",
      "integrity": "sha1-LHS27kHZPKUbe1qu6PUDYx0lKnM="
    },
    "kind-of": {
      "version": "3.2.2",
      "resolved": "https://registry.npmjs.org/kind-of/-/kind-of-3.2.2.tgz",
      "integrity": "sha1-MeohpzS6ubuw8yRm2JOupR5KPGQ=",
      "dev": true,
      "requires": {
        "is-buffer": "^1.1.5"
      }
    },
    "lazy-cache": {
      "version": "1.0.4",
      "resolved": "https://registry.npmjs.org/lazy-cache/-/lazy-cache-1.0.4.tgz",
      "integrity": "sha1-odePw6UEdMuAhF07O24dpJpEbo4=",
      "dev": true,
      "optional": true
    },
    "levn": {
      "version": "0.3.0",
      "resolved": "https://registry.npmjs.org/levn/-/levn-0.3.0.tgz",
      "integrity": "sha1-OwmSTt+fCDwEkP3UwLxEIeBHZO4=",
      "dev": true,
      "requires": {
        "prelude-ls": "~1.1.2",
        "type-check": "~0.3.2"
      }
    },
    "lodash": {
      "version": "3.10.1",
      "resolved": "https://registry.npmjs.org/lodash/-/lodash-3.10.1.tgz",
      "integrity": "sha1-W/Rejkm6QYnhfUgnid/RW9FAt7Y=",
      "dev": true
    },
    "lolex": {
      "version": "1.3.2",
      "resolved": "https://registry.npmjs.org/lolex/-/lolex-1.3.2.tgz",
      "integrity": "sha1-fD2mL/yzDw9agKJWbKJORdigHzE=",
      "dev": true
    },
    "longest": {
      "version": "1.0.1",
      "resolved": "https://registry.npmjs.org/longest/-/longest-1.0.1.tgz",
      "integrity": "sha1-MKCy2jj3N3DoKUoNIuZiXtd9AJc=",
      "dev": true
    },
    "loose-envify": {
      "version": "1.3.1",
      "resolved": "https://registry.npmjs.org/loose-envify/-/loose-envify-1.3.1.tgz",
      "integrity": "sha1-0aitM/qc4OcT1l/dCsi3SNR4yEg=",
      "requires": {
        "js-tokens": "^3.0.0"
      }
    },
    "lru-cache": {
      "version": "2.7.3",
      "resolved": "https://registry.npmjs.org/lru-cache/-/lru-cache-2.7.3.tgz",
      "integrity": "sha1-bUUk6LlV+V1PW1iFHOId1y+06VI=",
      "dev": true
    },
    "minimatch": {
      "version": "3.0.4",
      "resolved": "https://registry.npmjs.org/minimatch/-/minimatch-3.0.4.tgz",
      "integrity": "sha512-yJHVQEhyqPLUTgt9B83PXu6W3rx4MvvHvSUvToogpwoGDOUQ+yDrR0HRot+yOCdCO7u4hX3pWft6kWBBcqh0UA==",
      "requires": {
        "brace-expansion": "^1.1.7"
      }
    },
    "minimist": {
      "version": "0.0.8",
      "resolved": "https://registry.npmjs.org/minimist/-/minimist-0.0.8.tgz",
      "integrity": "sha1-hX/Kv8M5fSYluCKCYuhqp6ARsF0="
    },
    "mkdirp": {
      "version": "0.5.1",
      "resolved": "https://registry.npmjs.org/mkdirp/-/mkdirp-0.5.1.tgz",
      "integrity": "sha1-MAV0OOrGz3+MR2fzhkjWaX11yQM=",
      "requires": {
        "minimist": "0.0.8"
      }
    },
    "mkpath": {
      "version": "0.1.0",
      "resolved": "https://registry.npmjs.org/mkpath/-/mkpath-0.1.0.tgz",
      "integrity": "sha1-dVSm+Nhxg0zJe1RisSLEwSTW3pE="
    },
    "mocha": {
      "version": "2.5.3",
      "resolved": "https://registry.npmjs.org/mocha/-/mocha-2.5.3.tgz",
      "integrity": "sha1-FhvlvetJZ3HrmzV0UFC2IrWu/Fg=",
      "dev": true,
      "requires": {
        "commander": "2.3.0",
        "debug": "2.2.0",
        "diff": "1.4.0",
        "escape-string-regexp": "1.0.2",
        "glob": "3.2.11",
        "growl": "1.9.2",
        "jade": "0.26.3",
        "mkdirp": "0.5.1",
        "supports-color": "1.2.0",
        "to-iso-string": "0.0.2"
      },
      "dependencies": {
        "glob": {
          "version": "3.2.11",
          "resolved": "https://registry.npmjs.org/glob/-/glob-3.2.11.tgz",
          "integrity": "sha1-Spc/Y1uRkPcV0QmH1cAP0oFevj0=",
          "dev": true,
          "requires": {
            "inherits": "2",
            "minimatch": "0.3"
          }
        },
        "minimatch": {
          "version": "0.3.0",
          "resolved": "https://registry.npmjs.org/minimatch/-/minimatch-0.3.0.tgz",
          "integrity": "sha1-J12O2qxPG7MyZHIInnlJyDlGmd0=",
          "dev": true,
          "requires": {
            "lru-cache": "2",
            "sigmund": "~1.0.0"
          }
        },
        "supports-color": {
          "version": "1.2.0",
          "resolved": "https://registry.npmjs.org/supports-color/-/supports-color-1.2.0.tgz",
          "integrity": "sha1-/x7R5hFp0Gs88tWI4YixjYhH4X4=",
          "dev": true
        }
      }
    },
    "ms": {
      "version": "0.7.1",
      "resolved": "https://registry.npmjs.org/ms/-/ms-0.7.1.tgz",
      "integrity": "sha1-nNE8A62/8ltl7/3nzoZO6VIBcJg=",
      "dev": true
    },
    "node-fetch": {
      "version": "1.7.3",
      "resolved": "https://registry.npmjs.org/node-fetch/-/node-fetch-1.7.3.tgz",
      "integrity": "sha512-NhZ4CsKx7cYm2vSrBAr2PvFOe6sWDf0UYLRqA6svUYg7+/TSfVAu49jYC4BvQ4Sms9SZgdqGBgroqfDhJdTyKQ==",
      "requires": {
        "encoding": "^0.1.11",
        "is-stream": "^1.0.1"
      }
    },
    "nopt": {
      "version": "3.0.6",
      "resolved": "https://registry.npmjs.org/nopt/-/nopt-3.0.6.tgz",
      "integrity": "sha1-xkZdvwirzU2zWTF/eaxopkayj/k=",
      "dev": true,
      "requires": {
        "abbrev": "1"
      }
    },
    "object-assign": {
      "version": "4.1.1",
      "resolved": "https://registry.npmjs.org/object-assign/-/object-assign-4.1.1.tgz",
      "integrity": "sha1-IQmtx5ZYh8/AXLvUQsrIv7s2CGM="
    },
    "object-inspect": {
      "version": "1.5.0",
      "resolved": "https://registry.npmjs.org/object-inspect/-/object-inspect-1.5.0.tgz",
      "integrity": "sha512-UmOFbHbwvv+XHj7BerrhVq+knjceBdkvU5AriwLMvhv2qi+e7DJzxfBeFpILEjVzCp+xA+W/pIf06RGPWlZNfw==",
      "dev": true
    },
    "object-keys": {
      "version": "1.0.11",
      "resolved": "https://registry.npmjs.org/object-keys/-/object-keys-1.0.11.tgz",
      "integrity": "sha1-xUYBd4rVYPEULODgG8yotW0TQm0=",
      "dev": true
    },
    "object.entries": {
      "version": "1.0.4",
      "resolved": "https://registry.npmjs.org/object.entries/-/object.entries-1.0.4.tgz",
      "integrity": "sha1-G/mk3SKI9bM/Opk9JXZh8F0WGl8=",
      "dev": true,
      "requires": {
        "define-properties": "^1.1.2",
        "es-abstract": "^1.6.1",
        "function-bind": "^1.1.0",
        "has": "^1.0.1"
      }
    },
    "once": {
      "version": "1.4.0",
      "resolved": "https://registry.npmjs.org/once/-/once-1.4.0.tgz",
      "integrity": "sha1-WDsap3WWHUsROsF9nFC6753Xa9E=",
      "requires": {
        "wrappy": "1"
      }
    },
    "optimist": {
      "version": "0.6.1",
      "resolved": "https://registry.npmjs.org/optimist/-/optimist-0.6.1.tgz",
      "integrity": "sha1-2j6nRob6IaGaERwybpDrFaAZZoY=",
      "requires": {
        "minimist": "~0.0.1",
        "wordwrap": "~0.0.2"
      }
    },
    "optionator": {
      "version": "0.8.2",
      "resolved": "https://registry.npmjs.org/optionator/-/optionator-0.8.2.tgz",
      "integrity": "sha1-NkxeQJ0/TWMB1sC0wFu6UBgK62Q=",
      "dev": true,
      "requires": {
        "deep-is": "~0.1.3",
        "fast-levenshtein": "~2.0.4",
        "levn": "~0.3.0",
        "prelude-ls": "~1.1.2",
        "type-check": "~0.3.2",
        "wordwrap": "~1.0.0"
      },
      "dependencies": {
        "wordwrap": {
          "version": "1.0.0",
          "resolved": "https://registry.npmjs.org/wordwrap/-/wordwrap-1.0.0.tgz",
          "integrity": "sha1-J1hIEIkUVqQXHI0CJkQa3pDLyus=",
          "dev": true
        }
      }
    },
    "path-is-absolute": {
      "version": "1.0.1",
      "resolved": "https://registry.npmjs.org/path-is-absolute/-/path-is-absolute-1.0.1.tgz",
      "integrity": "sha1-F0uSaHNVNP+8es5r9TpanhtcX18="
    },
    "pkginfo": {
      "version": "0.4.1",
      "resolved": "https://registry.npmjs.org/pkginfo/-/pkginfo-0.4.1.tgz",
      "integrity": "sha1-tUGO8EOd5UJfxJlQQtztFPsqhP8=",
      "dev": true
    },
    "prelude-ls": {
      "version": "1.1.2",
      "resolved": "https://registry.npmjs.org/prelude-ls/-/prelude-ls-1.1.2.tgz",
      "integrity": "sha1-IZMqVJ9eUv/ZqCf1cOBL5iqX2lQ=",
      "dev": true
    },
    "promise": {
      "version": "7.3.1",
      "resolved": "https://registry.npmjs.org/promise/-/promise-7.3.1.tgz",
      "integrity": "sha512-nolQXZ/4L+bP/UGlkfaIujX9BKxGwmQ9OT4mOt5yvy8iK1h3wqTEJCijzGANTCCl9nWjY41juyAn2K3Q1hLLTg==",
      "requires": {
        "asap": "~2.0.3"
      }
    },
    "prop-types": {
      "version": "15.6.0",
      "resolved": "https://registry.npmjs.org/prop-types/-/prop-types-15.6.0.tgz",
      "integrity": "sha1-zq8IMCL8RrSjX2nhPvda7Q1jmFY=",
      "requires": {
        "fbjs": "^0.8.16",
        "loose-envify": "^1.3.1",
        "object-assign": "^4.1.1"
      }
    },
    "repeat-string": {
      "version": "1.6.1",
      "resolved": "https://registry.npmjs.org/repeat-string/-/repeat-string-1.6.1.tgz",
      "integrity": "sha1-jcrkcOHIirwtYA//Sndihtp15jc=",
      "dev": true
    },
    "resolve": {
      "version": "0.6.3",
      "resolved": "https://registry.npmjs.org/resolve/-/resolve-0.6.3.tgz",
      "integrity": "sha1-3ZV5gufnNt699TtYpN2RdUV13UY="
    },
    "right-align": {
      "version": "0.1.3",
      "resolved": "https://registry.npmjs.org/right-align/-/right-align-0.1.3.tgz",
      "integrity": "sha1-YTObci/mo1FWiSENJOFMlhSGE+8=",
      "dev": true,
      "optional": true,
      "requires": {
        "align-text": "^0.1.1"
      }
    },
    "rimraf": {
      "version": "2.6.2",
      "resolved": "https://registry.npmjs.org/rimraf/-/rimraf-2.6.2.tgz",
      "integrity": "sha512-lreewLK/BlghmxtfH36YYVg1i8IAce4TI7oao75I1g245+6BctqTVQiBP3YUJ9C6DQOXJmkYR9X9fCLtCOJc5w==",
      "requires": {
        "glob": "^7.0.5"
      }
    },
    "samsam": {
      "version": "1.1.2",
      "resolved": "https://registry.npmjs.org/samsam/-/samsam-1.1.2.tgz",
      "integrity": "sha1-vsEf3IOp/aBjQBIQ5AF2wwJNFWc=",
      "dev": true
    },
    "setimmediate": {
      "version": "1.0.5",
      "resolved": "https://registry.npmjs.org/setimmediate/-/setimmediate-1.0.5.tgz",
      "integrity": "sha1-KQy7Iy4waULX1+qbg3Mqt4VvgoU="
    },
    "sha1": {
      "version": "1.1.1",
      "resolved": "https://registry.npmjs.org/sha1/-/sha1-1.1.1.tgz",
      "integrity": "sha1-rdqnqTFo85PxnrKxUJFhjicA+Eg=",
      "requires": {
        "charenc": ">= 0.0.1",
        "crypt": ">= 0.0.1"
      }
    },
    "should": {
      "version": "7.1.1",
      "resolved": "https://registry.npmjs.org/should/-/should-7.1.1.tgz",
      "integrity": "sha1-ZGTEi298Hh8YrASDV4+i3VXCxuA=",
      "dev": true,
      "requires": {
        "should-equal": "0.5.0",
        "should-format": "0.3.1",
        "should-type": "0.2.0"
      }
    },
    "should-equal": {
      "version": "0.5.0",
      "resolved": "https://registry.npmjs.org/should-equal/-/should-equal-0.5.0.tgz",
      "integrity": "sha1-x5fxNfMGf+tp6+zbMGscP+IbPm8=",
      "dev": true,
      "requires": {
        "should-type": "0.2.0"
      }
    },
    "should-format": {
      "version": "0.3.1",
      "resolved": "https://registry.npmjs.org/should-format/-/should-format-0.3.1.tgz",
      "integrity": "sha1-LLt4JGFnCs5CkrKx7EaNuM+Z4zA=",
      "dev": true,
      "requires": {
        "should-type": "0.2.0"
      }
    },
    "should-sinon": {
      "version": "0.0.3",
      "resolved": "https://registry.npmjs.org/should-sinon/-/should-sinon-0.0.3.tgz",
      "integrity": "sha1-9qkl/yt+xMWPNItLsdbEltv0Vyw=",
      "dev": true
    },
    "should-type": {
      "version": "0.2.0",
      "resolved": "https://registry.npmjs.org/should-type/-/should-type-0.2.0.tgz",
      "integrity": "sha1-ZwfvlVKdmJ3MCY/gdTqx+RNrt/Y=",
      "dev": true
    },
    "sigmund": {
      "version": "1.0.1",
      "resolved": "https://registry.npmjs.org/sigmund/-/sigmund-1.0.1.tgz",
      "integrity": "sha1-P/IfGYytIXX587eBhT/ZTQ0ZtZA=",
      "dev": true
    },
    "sinon": {
      "version": "1.17.7",
      "resolved": "https://registry.npmjs.org/sinon/-/sinon-1.17.7.tgz",
      "integrity": "sha1-RUKk9JugxFwF6y6d2dID4rjv4L8=",
      "dev": true,
      "requires": {
        "formatio": "1.1.1",
        "lolex": "1.3.2",
        "samsam": "1.1.2",
        "util": ">=0.10.3 <1"
      }
    },
    "source-map": {
      "version": "0.2.0",
      "resolved": "https://registry.npmjs.org/source-map/-/source-map-0.2.0.tgz",
      "integrity": "sha1-2rc/vPwrqBm03gO9b26qSBZLP50=",
      "dev": true,
      "optional": true,
      "requires": {
        "amdefine": ">=0.0.4"
      }
    },
    "sprintf-js": {
      "version": "1.0.3",
      "resolved": "https://registry.npmjs.org/sprintf-js/-/sprintf-js-1.0.3.tgz",
      "integrity": "sha1-BOaSb2YolTVPPdAVIDYzuFcpfiw=",
      "dev": true
    },
    "strip-json-comments": {
      "version": "1.0.4",
      "resolved": "https://registry.npmjs.org/strip-json-comments/-/strip-json-comments-1.0.4.tgz",
      "integrity": "sha1-HhX7ysl9Pumb8tc7TGVrCCu6+5E="
    },
    "supports-color": {
      "version": "3.2.3",
      "resolved": "https://registry.npmjs.org/supports-color/-/supports-color-3.2.3.tgz",
      "integrity": "sha1-ZawFBLOVQXHYpklGsq48u4pfVPY=",
      "dev": true,
      "requires": {
        "has-flag": "^1.0.0"
      }
    },
    "tmatch": {
      "version": "2.0.1",
      "resolved": "https://registry.npmjs.org/tmatch/-/tmatch-2.0.1.tgz",
      "integrity": "sha1-DFYkbzPzDaG409colauvFmYPOM8=",
      "dev": true
    },
    "to-iso-string": {
      "version": "0.0.2",
      "resolved": "https://registry.npmjs.org/to-iso-string/-/to-iso-string-0.0.2.tgz",
      "integrity": "sha1-TcGeZk38y+Jb2NtQiwDG2hWCVdE=",
      "dev": true
    },
    "type-check": {
      "version": "0.3.2",
      "resolved": "https://registry.npmjs.org/type-check/-/type-check-0.3.2.tgz",
      "integrity": "sha1-WITKtRLPHTVeP7eE8wgEsrUg23I=",
      "dev": true,
      "requires": {
        "prelude-ls": "~1.1.2"
      }
    },
    "ua-parser-js": {
      "version": "0.7.17",
      "resolved": "https://registry.npmjs.org/ua-parser-js/-/ua-parser-js-0.7.17.tgz",
      "integrity": "sha512-uRdSdu1oA1rncCQL7sCj8vSyZkgtL7faaw9Tc9rZ3mGgraQ7+Pdx7w5mnOSF3gw9ZNG6oc+KXfkon3bKuROm0g=="
    },
    "uglify-js": {
      "version": "2.8.29",
      "resolved": "https://registry.npmjs.org/uglify-js/-/uglify-js-2.8.29.tgz",
      "integrity": "sha1-KcVzMUgFe7Th913zW3qcty5qWd0=",
      "dev": true,
      "optional": true,
      "requires": {
        "source-map": "~0.5.1",
        "uglify-to-browserify": "~1.0.0",
        "yargs": "~3.10.0"
      },
      "dependencies": {
        "source-map": {
          "version": "0.5.7",
          "resolved": "https://registry.npmjs.org/source-map/-/source-map-0.5.7.tgz",
          "integrity": "sha1-igOdLRAh0i0eoUyA2OpGi6LvP8w=",
          "dev": true,
          "optional": true
        }
      }
    },
    "uglify-to-browserify": {
      "version": "1.0.2",
      "resolved": "https://registry.npmjs.org/uglify-to-browserify/-/uglify-to-browserify-1.0.2.tgz",
      "integrity": "sha1-bgkk1r2mta/jSeOabWMoUKD4grc=",
      "dev": true,
      "optional": true
    },
    "underscore": {
      "version": "1.8.3",
      "resolved": "https://registry.npmjs.org/underscore/-/underscore-1.8.3.tgz",
      "integrity": "sha1-Tz+1OxBuYJf8+ctBCfKl6b36UCI="
    },
    "underscore-plus": {
      "version": "1.6.6",
      "resolved": "https://registry.npmjs.org/underscore-plus/-/underscore-plus-1.6.6.tgz",
      "integrity": "sha1-ZezeG9xEGjXYnmUP1w3PE65Dmn0=",
      "requires": {
        "underscore": "~1.6.0"
      },
      "dependencies": {
        "underscore": {
          "version": "1.6.0",
          "resolved": "https://registry.npmjs.org/underscore/-/underscore-1.6.0.tgz",
          "integrity": "sha1-izixDKze9jM3uLJOT/htRa6lKag="
        }
      }
    },
    "util": {
      "version": "0.10.3",
      "resolved": "https://registry.npmjs.org/util/-/util-0.10.3.tgz",
      "integrity": "sha1-evsa/lCAUkZInj23/g7TeTNqwPk=",
      "dev": true,
      "requires": {
        "inherits": "2.0.1"
      },
      "dependencies": {
        "inherits": {
          "version": "2.0.1",
          "resolved": "https://registry.npmjs.org/inherits/-/inherits-2.0.1.tgz",
          "integrity": "sha1-sX0I0ya0Qj5Wjv9xn5GwscvfafE=",
          "dev": true
        }
      }
    },
    "uuid": {
      "version": "3.1.0",
      "resolved": "https://registry.npmjs.org/uuid/-/uuid-3.1.0.tgz",
      "integrity": "sha512-DIWtzUkw04M4k3bf1IcpS2tngXEL26YUD2M0tMDUpnUrz2hgzUBlD55a4FjdLGPvfHxS6uluGWvaVEqgBcVa+g=="
    },
    "whatwg-fetch": {
      "version": "2.0.3",
      "resolved": "https://registry.npmjs.org/whatwg-fetch/-/whatwg-fetch-2.0.3.tgz",
      "integrity": "sha1-nITsLc9oGH/wC8ZOEnS0QhduHIQ="
    },
    "which": {
      "version": "1.3.0",
      "resolved": "https://registry.npmjs.org/which/-/which-1.3.0.tgz",
      "integrity": "sha512-xcJpopdamTuY5duC/KnTTNBraPK54YwpenP4lzxU8H91GudWpFv38u0CKjclE1Wi2EH2EDz5LRcHcKbCIzqGyg==",
      "dev": true,
      "requires": {
        "isexe": "^2.0.0"
      }
    },
    "window-size": {
      "version": "0.1.0",
      "resolved": "https://registry.npmjs.org/window-size/-/window-size-0.1.0.tgz",
      "integrity": "sha1-VDjNLqk7IC76Ohn+iIeu58lPnJ0=",
      "dev": true,
      "optional": true
    },
    "wordwrap": {
      "version": "0.0.3",
      "resolved": "https://registry.npmjs.org/wordwrap/-/wordwrap-0.0.3.tgz",
      "integrity": "sha1-o9XabNXAvAAI03I0u68b7WMFkQc="
    },
    "wrappy": {
      "version": "1.0.2",
      "resolved": "https://registry.npmjs.org/wrappy/-/wrappy-1.0.2.tgz",
      "integrity": "sha1-tSQ9jz7BqjXxNkYFvA0QNuMKtp8="
    },
    "yargs": {
      "version": "3.10.0",
      "resolved": "https://registry.npmjs.org/yargs/-/yargs-3.10.0.tgz",
      "integrity": "sha1-9+572FfdfB0tOMDnTvvWgdFDH9E=",
      "dev": true,
      "optional": true,
      "requires": {
        "camelcase": "^1.0.2",
        "cliui": "^2.1.0",
        "decamelize": "^1.0.0",
        "window-size": "0.1.0"
      }
    }
  }
}
