{
  "name": "cocalc-codemirror-core",
  "version": "1.0.0",
  "lockfileVersion": 2,
  "requires": true,
  "packages": {
    "": {
      "name": "cocalc-codemirror-core",
      "version": "1.0.0",
      "license": "AGPL+common clause",
      "dependencies": {
        "@types/codemirror": "^5.60.0",
        "@types/lodash.frompairs": "^4.0.6",
        "codemirror": "^5.61.0",
        "lodash.frompairs": "^4.0.1"
      }
    },
    "../codemirror": {
      "extraneous": true
    },
    "node_modules/@types/codemirror": {
      "version": "5.60.0",
      "resolved": "https://registry.npmjs.org/@types/codemirror/-/codemirror-5.60.0.tgz",
      "integrity": "sha512-xgzXZyCzedLRNC67/Nn8rpBtTFnAsX2C+Q/LGoH6zgcpF/LqdNHJMHEOhqT1bwUcSp6kQdOIuKzRbeW9DYhEhg==",
      "dependencies": {
        "@types/tern": "*"
      }
    },
    "node_modules/@types/estree": {
      "version": "0.0.47",
      "resolved": "https://registry.npmjs.org/@types/estree/-/estree-0.0.47.tgz",
      "integrity": "sha512-c5ciR06jK8u9BstrmJyO97m+klJrrhCf9u3rLu3DEAJBirxRqSCvDQoYKmxuYwQI5SZChAWu+tq9oVlGRuzPAg=="
    },
    "node_modules/@types/lodash": {
      "version": "4.14.168",
      "resolved": "https://registry.npmjs.org/@types/lodash/-/lodash-4.14.168.tgz",
      "integrity": "sha512-oVfRvqHV/V6D1yifJbVRU3TMp8OT6o6BG+U9MkwuJ3U8/CsDHvalRpsxBqivn71ztOFZBTfJMvETbqHiaNSj7Q=="
    },
    "node_modules/@types/lodash.frompairs": {
      "version": "4.0.6",
      "resolved": "https://registry.npmjs.org/@types/lodash.frompairs/-/lodash.frompairs-4.0.6.tgz",
      "integrity": "sha512-rwCUf4NMKhXpiVjL/RXP8YOk+rd02/J4tACADEgaMXRVnzDbSSlBMKFZoX/ARmHVLg3Qc98Um4PErGv8FbxU7w==",
      "dependencies": {
        "@types/lodash": "*"
      }
    },
    "node_modules/@types/tern": {
      "version": "0.23.3",
      "resolved": "https://registry.npmjs.org/@types/tern/-/tern-0.23.3.tgz",
      "integrity": "sha512-imDtS4TAoTcXk0g7u4kkWqedB3E4qpjXzCpD2LU5M5NAXHzCDsypyvXSaG7mM8DKYkCRa7tFp4tS/lp/Wo7Q3w==",
      "dependencies": {
        "@types/estree": "*"
      }
    },
    "node_modules/codemirror": {
      "version": "5.61.0",
      "resolved": "https://registry.npmjs.org/codemirror/-/codemirror-5.61.0.tgz",
      "integrity": "sha512-D3wYH90tYY1BsKlUe0oNj2JAhQ9TepkD51auk3N7q+4uz7A/cgJ5JsWHreT0PqieW1QhOuqxQ2reCXV1YXzecg=="
    },
    "node_modules/lodash.frompairs": {
      "version": "4.0.1",
      "resolved": "https://registry.npmjs.org/lodash.frompairs/-/lodash.frompairs-4.0.1.tgz",
      "integrity": "sha1-vE5SB/onV8E25XNhTpZkUGsrG9I="
    }
  },
  "dependencies": {
    "@types/codemirror": {
      "version": "5.60.0",
      "resolved": "https://registry.npmjs.org/@types/codemirror/-/codemirror-5.60.0.tgz",
      "integrity": "sha512-xgzXZyCzedLRNC67/Nn8rpBtTFnAsX2C+Q/LGoH6zgcpF/LqdNHJMHEOhqT1bwUcSp6kQdOIuKzRbeW9DYhEhg==",
      "requires": {
        "@types/tern": "*"
      }
    },
    "@types/estree": {
      "version": "0.0.47",
      "resolved": "https://registry.npmjs.org/@types/estree/-/estree-0.0.47.tgz",
      "integrity": "sha512-c5ciR06jK8u9BstrmJyO97m+klJrrhCf9u3rLu3DEAJBirxRqSCvDQoYKmxuYwQI5SZChAWu+tq9oVlGRuzPAg=="
    },
    "@types/lodash": {
      "version": "4.14.168",
      "resolved": "https://registry.npmjs.org/@types/lodash/-/lodash-4.14.168.tgz",
      "integrity": "sha512-oVfRvqHV/V6D1yifJbVRU3TMp8OT6o6BG+U9MkwuJ3U8/CsDHvalRpsxBqivn71ztOFZBTfJMvETbqHiaNSj7Q=="
    },
    "@types/lodash.frompairs": {
      "version": "4.0.6",
      "resolved": "https://registry.npmjs.org/@types/lodash.frompairs/-/lodash.frompairs-4.0.6.tgz",
      "integrity": "sha512-rwCUf4NMKhXpiVjL/RXP8YOk+rd02/J4tACADEgaMXRVnzDbSSlBMKFZoX/ARmHVLg3Qc98Um4PErGv8FbxU7w==",
      "requires": {
        "@types/lodash": "*"
      }
    },
    "@types/tern": {
      "version": "0.23.3",
      "resolved": "https://registry.npmjs.org/@types/tern/-/tern-0.23.3.tgz",
      "integrity": "sha512-imDtS4TAoTcXk0g7u4kkWqedB3E4qpjXzCpD2LU5M5NAXHzCDsypyvXSaG7mM8DKYkCRa7tFp4tS/lp/Wo7Q3w==",
      "requires": {
        "@types/estree": "*"
      }
    },
    "codemirror": {
      "version": "5.61.0",
      "resolved": "https://registry.npmjs.org/codemirror/-/codemirror-5.61.0.tgz",
      "integrity": "sha512-D3wYH90tYY1BsKlUe0oNj2JAhQ9TepkD51auk3N7q+4uz7A/cgJ5JsWHreT0PqieW1QhOuqxQ2reCXV1YXzecg=="
    },
    "lodash.frompairs": {
      "version": "4.0.1",
      "resolved": "https://registry.npmjs.org/lodash.frompairs/-/lodash.frompairs-4.0.1.tgz",
      "integrity": "sha1-vE5SB/onV8E25XNhTpZkUGsrG9I="
    }
  }
}
