{
  "name": "@cocalc/server",
  "version": "0.0.1",
  "lockfileVersion": 2,
  "requires": true,
  "packages": {
    "": {
      "name": "@cocalc/server",
      "version": "0.0.1",
      "license": "SEE LICENSE.md",
      "workspaces": [
        ".",
        "../util",
        "../backend",
        "../database"
      ],
      "dependencies": {
        "@cocalc/backend": "^1.5.1",
        "@cocalc/database": "^0.4.1",
        "@cocalc/util": "^1.12.0",
        "awaiting": "^3.0.0"
      },
      "devDependencies": {
        "@types/node": "^16.11.6",
        "typescript": "^4.4.4"
      }
    },
    "../backend": {
      "name": "@cocalc/backend",
      "version": "1.5.1",
      "license": "SEE LICENSE.md",
      "workspaces": [
        ".",
        "../util"
      ],
      "dependencies": {
        "@airbnb/node-memwatch": "^2.0.0",
        "@cocalc/util": "^1.13.3",
        "@sendgrid/mail": "^7.4.7",
        "@types/debug": "^4.1.7",
        "@types/lru-cache": "^5.1.1",
        "@types/node-zendesk": "^2.0.4",
        "@types/nodemailer": "^6.4.4",
        "@types/pg": "^8.6.1",
        "async": "^1.5.2",
        "async-await-utils": "^3.0.1",
        "awaiting": "^3.0.0",
        "debug": "^4.3.2",
        "lru-cache": "^6.0.0",
        "node-zendesk": "^2.1.0",
        "nodemailer": "^6.6.5",
        "parse-domain": "^4.1.0",
        "password-hash": "^1.2.2",
        "pg": "^8.7.1",
        "random-key": "^0.3.2",
        "shell-escape": "^0.2.0",
        "sqlite3": "^5.0.2",
        "supports-color": "^9.0.2",
        "temp": "^0.9.4",
        "underscore": "^1.12.1"
      },
      "devDependencies": {
        "coffee-cache": "^1.0.2",
        "coffeescript": "^2.5.1",
        "expect": "^26.6.2",
        "mocha": "^8.4.0",
        "nyc": "^15.1.0",
        "typescript": "^4.4.4"
      }
    },
    "../database": {
      "name": "@cocalc/database",
      "version": "0.4.1",
      "license": "SEE LICENSE.md",
      "workspaces": [
        "./",
        "../backend",
        "../util"
      ],
      "dependencies": {
        "@cocalc/backend": "^1.5.1",
        "@cocalc/util": "^1.13.3",
        "@types/lodash": "^4.14.175",
        "@types/lru-cache": "^5.1.1",
        "@types/uuid": "^8.3.1",
        "async": "^1.5.2",
        "async-await-utils": "^3.0.1",
        "awaiting": "^3.0.0",
        "debug": "^4.3.2",
        "immutable": "^3.8.2",
        "lodash": "^4.17.21",
        "lru-cache": "^6.0.0",
        "pg": "^8.7.1",
        "prom-client": "^13.0.0",
        "random-key": "^0.3.2",
        "read": "^1.0.7",
        "sql-string-escape": "^1.1.6",
        "stripe": "^8.78.0",
        "uuid": "^8.3.2",
        "validator": "^13.6.0"
      },
      "devDependencies": {
        "@types/node": "^14.17.5",
        "coffeescript": "^2.5.1",
        "node-cjsx": "^2.0.0",
        "typescript": "^4.4.4"
      }
    },
    "../util": {
      "name": "@cocalc/util",
      "version": "1.13.3",
      "license": "SEE LICENSE.md",
      "workspaces": [
        "."
      ],
      "dependencies": {
        "@types/uuid": "^8.3.1",
        "async": "^1.5.2",
        "async-await-utils": "^3.0.1",
        "awaiting": "^3.0.0",
        "get-random-values": "^1.2.0",
        "immutable": "^3.8.2",
        "json-stable-stringify": "^1.0.1",
        "lodash": "^4.17.21",
        "prop-types": "^15.7.2",
        "sha1": "^1.1.1",
        "underscore": "^1.12.1",
        "utility-types": "^3.10.0",
        "uuid": "^8.3.2"
      },
      "devDependencies": {
        "@types/jest": "^26.0.23",
        "@types/json-stable-stringify": "^1.0.32",
        "@types/lodash": "^4.14.175",
        "@types/node": "^14.17.5",
        "coffee-cache": "^1.0.2",
        "coffee-coverage": "^3.0.1",
        "coffeelint": "^2.1.0",
        "coffeescript": "^2.5.1",
        "expect": "^26.6.2",
        "jest": "^26.6.3",
        "mocha": "^8.4.0",
        "nyc": "^15.1.0",
        "should": "^7.1.1",
        "should-sinon": "0.0.3",
        "sinon": "^4.5.0",
        "ts-jest": "^26.5.6",
        "tsd": "^0.15.1",
        "typescript": "^4.4.4"
      }
    },
    "node_modules/@cocalc/backend": {
      "resolved": "../backend",
      "link": true
    },
    "node_modules/@cocalc/database": {
      "resolved": "../database",
      "link": true
    },
    "node_modules/@cocalc/server": {
      "resolved": "",
      "link": true
    },
    "node_modules/@cocalc/util": {
      "resolved": "../util",
      "link": true
    },
    "node_modules/@types/node": {
      "version": "16.11.6",
      "resolved": "https://registry.npmjs.org/@types/node/-/node-16.11.6.tgz",
      "integrity": "sha512-ua7PgUoeQFjmWPcoo9khiPum3Pd60k4/2ZGXt18sm2Slk0W0xZTqt5Y0Ny1NyBiN1EVQ/+FaF9NcY4Qe6rwk5w==",
      "dev": true
    },
    "node_modules/awaiting": {
      "version": "3.0.0",
      "resolved": "https://registry.npmjs.org/awaiting/-/awaiting-3.0.0.tgz",
      "integrity": "sha1-1z0FMBZ9ykgJZf8fEO5pWfcPtRU=",
      "engines": {
        "node": ">=7.6.x"
      }
    },
    "node_modules/typescript": {
      "version": "4.4.4",
      "resolved": "https://registry.npmjs.org/typescript/-/typescript-4.4.4.tgz",
      "integrity": "sha512-DqGhF5IKoBl8WNf8C1gu8q0xZSInh9j1kJJMqT3a94w1JzVaBU4EXOSMrz9yDqMT0xt3selp83fuFMQ0uzv6qA==",
      "dev": true,
      "bin": {
        "tsc": "bin/tsc",
        "tsserver": "bin/tsserver"
      },
      "engines": {
        "node": ">=4.2.0"
      }
    }
  },
  "dependencies": {
    "@cocalc/backend": {
      "version": "file:../backend",
      "requires": {
        "@airbnb/node-memwatch": "^2.0.0",
        "@cocalc/util": "^1.13.3",
        "@sendgrid/mail": "^7.4.7",
        "@types/debug": "^4.1.7",
        "@types/lru-cache": "^5.1.1",
        "@types/node-zendesk": "^2.0.4",
        "@types/nodemailer": "^6.4.4",
        "@types/pg": "^8.6.1",
        "async": "^1.5.2",
        "async-await-utils": "^3.0.1",
        "awaiting": "^3.0.0",
        "coffee-cache": "^1.0.2",
        "coffeescript": "^2.5.1",
        "debug": "^4.3.2",
        "expect": "^26.6.2",
        "lru-cache": "^6.0.0",
        "mocha": "^8.4.0",
        "node-zendesk": "^2.1.0",
        "nodemailer": "^6.6.5",
        "nyc": "^15.1.0",
        "parse-domain": "^4.1.0",
        "password-hash": "^1.2.2",
        "pg": "^8.7.1",
        "random-key": "^0.3.2",
        "shell-escape": "^0.2.0",
        "sqlite3": "^5.0.2",
        "supports-color": "^9.0.2",
        "temp": "^0.9.4",
        "typescript": "^4.4.4",
        "underscore": "^1.12.1"
      }
    },
    "@cocalc/database": {
      "version": "file:../database",
      "requires": {
        "@cocalc/backend": "^1.5.1",
        "@cocalc/util": "^1.13.3",
        "@types/lodash": "^4.14.175",
        "@types/lru-cache": "^5.1.1",
        "@types/node": "^14.17.5",
        "@types/uuid": "^8.3.1",
        "async": "^1.5.2",
        "async-await-utils": "^3.0.1",
        "awaiting": "^3.0.0",
        "coffeescript": "^2.5.1",
        "debug": "^4.3.2",
        "immutable": "^3.8.2",
        "lodash": "^4.17.21",
        "lru-cache": "^6.0.0",
        "node-cjsx": "^2.0.0",
        "pg": "^8.7.1",
        "prom-client": "^13.0.0",
        "random-key": "^0.3.2",
        "read": "^1.0.7",
        "sql-string-escape": "^1.1.6",
        "stripe": "^8.78.0",
        "typescript": "^4.4.4",
        "uuid": "^8.3.2",
        "validator": "^13.6.0"
      }
    },
    "@cocalc/server": {
      "version": "file:",
      "requires": {
        "@cocalc/backend": "file:../backend",
        "@cocalc/database": "file:../database",
        "@cocalc/server": "file:",
        "@cocalc/util": "file:../util",
        "@types/node": "*",
        "awaiting": "^3.0.0",
        "typescript": "^4.4.4"
      },
      "dependencies": {
        "@cocalc/backend": {
          "version": "file:../backend",
          "requires": {
            "@airbnb/node-memwatch": "^2.0.0",
            "@cocalc/util": "^1.13.3",
            "@sendgrid/mail": "^7.4.7",
            "@types/debug": "^4.1.7",
            "@types/lru-cache": "^5.1.1",
            "@types/node-zendesk": "^2.0.4",
            "@types/nodemailer": "^6.4.4",
            "@types/pg": "^8.6.1",
            "async": "^1.5.2",
            "async-await-utils": "^3.0.1",
            "awaiting": "^3.0.0",
            "coffee-cache": "^1.0.2",
            "coffeescript": "^2.5.1",
            "debug": "^4.3.2",
            "expect": "^26.6.2",
            "lru-cache": "^6.0.0",
            "mocha": "^8.4.0",
            "node-zendesk": "^2.1.0",
            "nodemailer": "^6.6.5",
            "nyc": "^15.1.0",
            "parse-domain": "^4.1.0",
            "password-hash": "^1.2.2",
            "pg": "^8.7.1",
            "random-key": "^0.3.2",
            "shell-escape": "^0.2.0",
            "sqlite3": "^5.0.2",
            "supports-color": "^9.0.2",
            "temp": "^0.9.4",
            "typescript": "^4.4.4",
            "underscore": "^1.12.1"
          }
        },
        "@cocalc/database": {
          "version": "file:../database",
          "requires": {
            "@cocalc/backend": "^1.5.1",
            "@cocalc/util": "^1.13.3",
            "@types/lodash": "^4.14.175",
            "@types/lru-cache": "^5.1.1",
            "@types/node": "^14.17.5",
            "@types/uuid": "^8.3.1",
            "async": "^1.5.2",
            "async-await-utils": "^3.0.1",
            "awaiting": "^3.0.0",
            "coffeescript": "^2.5.1",
            "debug": "^4.3.2",
            "immutable": "^3.8.2",
            "lodash": "^4.17.21",
            "lru-cache": "^6.0.0",
            "node-cjsx": "^2.0.0",
            "pg": "^8.7.1",
            "prom-client": "^13.0.0",
            "random-key": "^0.3.2",
            "read": "^1.0.7",
            "sql-string-escape": "^1.1.6",
            "stripe": "^8.78.0",
            "typescript": "^4.4.4",
            "uuid": "^8.3.2",
            "validator": "^13.6.0"
          }
        },
        "@cocalc/util": {
          "version": "file:../util",
          "requires": {
            "@types/jest": "^26.0.23",
            "@types/json-stable-stringify": "^1.0.32",
            "@types/lodash": "^4.14.175",
            "@types/node": "^14.17.5",
            "@types/uuid": "^8.3.1",
            "async": "^1.5.2",
            "async-await-utils": "^3.0.1",
            "awaiting": "^3.0.0",
            "coffee-cache": "^1.0.2",
            "coffee-coverage": "^3.0.1",
            "coffeelint": "^2.1.0",
            "coffeescript": "^2.5.1",
            "expect": "^26.6.2",
            "get-random-values": "^1.2.0",
            "immutable": "^3.8.2",
            "jest": "^26.6.3",
            "json-stable-stringify": "^1.0.1",
            "lodash": "^4.17.21",
            "mocha": "^8.4.0",
            "nyc": "^15.1.0",
            "prop-types": "^15.7.2",
            "sha1": "^1.1.1",
            "should": "^7.1.1",
            "should-sinon": "0.0.3",
            "sinon": "^4.5.0",
            "ts-jest": "^26.5.6",
            "tsd": "^0.15.1",
            "typescript": "^4.4.4",
            "underscore": "^1.12.1",
            "utility-types": "^3.10.0",
            "uuid": "^8.3.2"
          }
        },
        "@types/node": {
          "version": "16.11.6",
          "resolved": "https://registry.npmjs.org/@types/node/-/node-16.11.6.tgz",
          "integrity": "sha512-ua7PgUoeQFjmWPcoo9khiPum3Pd60k4/2ZGXt18sm2Slk0W0xZTqt5Y0Ny1NyBiN1EVQ/+FaF9NcY4Qe6rwk5w==",
          "dev": true
        },
        "awaiting": {
          "version": "3.0.0",
          "resolved": "https://registry.npmjs.org/awaiting/-/awaiting-3.0.0.tgz",
          "integrity": "sha1-1z0FMBZ9ykgJZf8fEO5pWfcPtRU="
        },
        "typescript": {
          "version": "4.4.4",
          "resolved": "https://registry.npmjs.org/typescript/-/typescript-4.4.4.tgz",
          "integrity": "sha512-DqGhF5IKoBl8WNf8C1gu8q0xZSInh9j1kJJMqT3a94w1JzVaBU4EXOSMrz9yDqMT0xt3selp83fuFMQ0uzv6qA==",
          "dev": true
        }
      }
    },
    "@cocalc/util": {
      "version": "file:../util",
      "requires": {
        "@types/jest": "^26.0.23",
        "@types/json-stable-stringify": "^1.0.32",
        "@types/lodash": "^4.14.175",
        "@types/node": "^14.17.5",
        "@types/uuid": "^8.3.1",
        "async": "^1.5.2",
        "async-await-utils": "^3.0.1",
        "awaiting": "^3.0.0",
        "coffee-cache": "^1.0.2",
        "coffee-coverage": "^3.0.1",
        "coffeelint": "^2.1.0",
        "coffeescript": "^2.5.1",
        "expect": "^26.6.2",
        "get-random-values": "^1.2.0",
        "immutable": "^3.8.2",
        "jest": "^26.6.3",
        "json-stable-stringify": "^1.0.1",
        "lodash": "^4.17.21",
        "mocha": "^8.4.0",
        "nyc": "^15.1.0",
        "prop-types": "^15.7.2",
        "sha1": "^1.1.1",
        "should": "^7.1.1",
        "should-sinon": "0.0.3",
        "sinon": "^4.5.0",
        "ts-jest": "^26.5.6",
        "tsd": "^0.15.1",
        "typescript": "^4.4.4",
        "underscore": "^1.12.1",
        "utility-types": "^3.10.0",
        "uuid": "^8.3.2"
      }
    },
    "@types/node": {
      "version": "16.11.6",
      "resolved": "https://registry.npmjs.org/@types/node/-/node-16.11.6.tgz",
      "integrity": "sha512-ua7PgUoeQFjmWPcoo9khiPum3Pd60k4/2ZGXt18sm2Slk0W0xZTqt5Y0Ny1NyBiN1EVQ/+FaF9NcY4Qe6rwk5w==",
      "dev": true
    },
    "awaiting": {
      "version": "3.0.0",
      "resolved": "https://registry.npmjs.org/awaiting/-/awaiting-3.0.0.tgz",
      "integrity": "sha1-1z0FMBZ9ykgJZf8fEO5pWfcPtRU="
    },
    "typescript": {
      "version": "4.4.4",
      "resolved": "https://registry.npmjs.org/typescript/-/typescript-4.4.4.tgz",
      "integrity": "sha512-DqGhF5IKoBl8WNf8C1gu8q0xZSInh9j1kJJMqT3a94w1JzVaBU4EXOSMrz9yDqMT0xt3selp83fuFMQ0uzv6qA==",
      "dev": true
    }
  }
}
