{
  "name": "@cocalc/cdn",
  "version": "1.6.0",
  "lockfileVersion": 2,
  "requires": true,
  "packages": {
    "": {
      "name": "@cocalc/cdn",
      "version": "1.6.0",
      "hasInstallScript": true,
      "license": "SEE LICENSE.md",
      "devDependencies": {
        "bootstrap": "=3.4.1",
        "codemirror": "^5.62.2",
        "katex": "^0.13.11",
        "mathjax": "^2.7.9",
        "typescript": "^4.4.3"
      }
    },
    "node_modules/bootstrap": {
      "version": "3.4.1",
      "resolved": "https://registry.npmjs.org/bootstrap/-/bootstrap-3.4.1.tgz",
      "integrity": "sha512-yN5oZVmRCwe5aKwzRj6736nSmKDX7pLYwsXiCj/EYmo16hODaBiT4En5btW/jhBF/seV+XMx3aYwukYC3A49DA==",
      "dev": true,
      "engines": {
        "node": ">=6"
      }
    },
    "node_modules/codemirror": {
      "version": "5.62.2",
      "resolved": "https://registry.npmjs.org/codemirror/-/codemirror-5.62.2.tgz",
      "integrity": "sha512-tVFMUa4J3Q8JUd1KL9yQzQB0/BJt7ZYZujZmTPgo/54Lpuq3ez4C8x/ATUY/wv7b7X3AUq8o3Xd+2C5ZrCGWHw==",
      "dev": true
    },
    "node_modules/commander": {
      "version": "6.2.1",
      "resolved": "https://registry.npmjs.org/commander/-/commander-6.2.1.tgz",
      "integrity": "sha512-U7VdrJFnJgo4xjrHpTzu0yrHPGImdsmD95ZlgYSEajAn2JKzDhDTPG9kBTefmObL2w/ngeZnilk+OV9CG3d7UA==",
      "dev": true,
      "engines": {
        "node": ">= 6"
      }
    },
    "node_modules/katex": {
      "version": "0.13.11",
      "resolved": "https://registry.npmjs.org/katex/-/katex-0.13.11.tgz",
      "integrity": "sha512-yJBHVIgwlAaapzlbvTpVF/ZOs8UkTj/sd46Fl8+qAf2/UiituPYVeapVD8ADZtqyRg/qNWUKt7gJoyYVWLrcXw==",
      "dev": true,
      "dependencies": {
        "commander": "^6.0.0"
      },
      "bin": {
        "katex": "cli.js"
      }
    },
    "node_modules/mathjax": {
      "version": "2.7.9",
      "resolved": "https://registry.npmjs.org/mathjax/-/mathjax-2.7.9.tgz",
      "integrity": "sha512-NOGEDTIM9+MrsqnjPEjVGNx4q0GQxqm61yQwSK+/5S59i26wId5IC5gNu9/bu8+CCVl5p9G2IHcAl/wJa+5+BQ==",
      "dev": true
    },
    "node_modules/typescript": {
      "version": "4.4.3",
      "resolved": "https://registry.npmjs.org/typescript/-/typescript-4.4.3.tgz",
      "integrity": "sha512-4xfscpisVgqqDfPaJo5vkd+Qd/ItkoagnHpufr+i2QCHBsNYp+G7UAoyFl8aPtx879u38wPV65rZ8qbGZijalA==",
      "dev": true,
      "bin": {
        "tsc": "bin/tsc",
        "tsserver": "bin/tsserver"
      },
      "engines": {
        "node": ">=4.2.0"
      }
    }
  },
  "dependencies": {
    "bootstrap": {
      "version": "3.4.1",
      "resolved": "https://registry.npmjs.org/bootstrap/-/bootstrap-3.4.1.tgz",
      "integrity": "sha512-yN5oZVmRCwe5aKwzRj6736nSmKDX7pLYwsXiCj/EYmo16hODaBiT4En5btW/jhBF/seV+XMx3aYwukYC3A49DA==",
      "dev": true
    },
    "codemirror": {
      "version": "5.62.2",
      "resolved": "https://registry.npmjs.org/codemirror/-/codemirror-5.62.2.tgz",
      "integrity": "sha512-tVFMUa4J3Q8JUd1KL9yQzQB0/BJt7ZYZujZmTPgo/54Lpuq3ez4C8x/ATUY/wv7b7X3AUq8o3Xd+2C5ZrCGWHw==",
      "dev": true
    },
    "commander": {
      "version": "6.2.1",
      "resolved": "https://registry.npmjs.org/commander/-/commander-6.2.1.tgz",
      "integrity": "sha512-U7VdrJFnJgo4xjrHpTzu0yrHPGImdsmD95ZlgYSEajAn2JKzDhDTPG9kBTefmObL2w/ngeZnilk+OV9CG3d7UA==",
      "dev": true
    },
    "katex": {
      "version": "0.13.11",
      "resolved": "https://registry.npmjs.org/katex/-/katex-0.13.11.tgz",
      "integrity": "sha512-yJBHVIgwlAaapzlbvTpVF/ZOs8UkTj/sd46Fl8+qAf2/UiituPYVeapVD8ADZtqyRg/qNWUKt7gJoyYVWLrcXw==",
      "dev": true,
      "requires": {
        "commander": "^6.0.0"
      }
    },
    "mathjax": {
      "version": "2.7.9",
      "resolved": "https://registry.npmjs.org/mathjax/-/mathjax-2.7.9.tgz",
      "integrity": "sha512-NOGEDTIM9+MrsqnjPEjVGNx4q0GQxqm61yQwSK+/5S59i26wId5IC5gNu9/bu8+CCVl5p9G2IHcAl/wJa+5+BQ==",
      "dev": true
    },
    "typescript": {
      "version": "4.4.3",
      "resolved": "https://registry.npmjs.org/typescript/-/typescript-4.4.3.tgz",
      "integrity": "sha512-4xfscpisVgqqDfPaJo5vkd+Qd/ItkoagnHpufr+i2QCHBsNYp+G7UAoyFl8aPtx879u38wPV65rZ8qbGZijalA==",
      "dev": true
    }
  }
}
