{
  "name": "@cocalc/cdn",
  "version": "1.0.8",
  "lockfileVersion": 2,
  "requires": true,
  "packages": {
    "": {
      "name": "@cocalc/cdn",
      "version": "1.0.8",
      "hasInstallScript": true,
      "license": "SEE LICENSE.md",
      "devDependencies": {
        "bootstrap": "=3.4.1",
        "codemirror": "^5.59.2",
        "katex": "^0.13.11",
        "mathjax": "^2.7.9"
      }
    },
    "node_modules/bootstrap": {
      "version": "3.4.1",
      "resolved": "https://registry.npmjs.org/bootstrap/-/bootstrap-3.4.1.tgz",
      "integrity": "sha512-yN5oZVmRCwe5aKwzRj6736nSmKDX7pLYwsXiCj/EYmo16hODaBiT4En5btW/jhBF/seV+XMx3aYwukYC3A49DA==",
      "dev": true,
      "engines": {
        "node": ">=6"
      }
    },
    "node_modules/codemirror": {
      "version": "5.61.0",
      "resolved": "https://registry.npmjs.org/codemirror/-/codemirror-5.61.0.tgz",
      "integrity": "sha512-D3wYH90tYY1BsKlUe0oNj2JAhQ9TepkD51auk3N7q+4uz7A/cgJ5JsWHreT0PqieW1QhOuqxQ2reCXV1YXzecg==",
      "dev": true
    },
    "node_modules/commander": {
      "version": "6.2.1",
      "resolved": "https://registry.npmjs.org/commander/-/commander-6.2.1.tgz",
      "integrity": "sha512-U7VdrJFnJgo4xjrHpTzu0yrHPGImdsmD95ZlgYSEajAn2JKzDhDTPG9kBTefmObL2w/ngeZnilk+OV9CG3d7UA==",
      "dev": true,
      "engines": {
        "node": ">= 6"
      }
    },
    "node_modules/katex": {
      "version": "0.13.11",
      "resolved": "https://registry.npmjs.org/katex/-/katex-0.13.11.tgz",
      "integrity": "sha512-yJBHVIgwlAaapzlbvTpVF/ZOs8UkTj/sd46Fl8+qAf2/UiituPYVeapVD8ADZtqyRg/qNWUKt7gJoyYVWLrcXw==",
      "dev": true,
      "dependencies": {
        "commander": "^6.0.0"
      },
      "bin": {
        "katex": "cli.js"
      }
    },
    "node_modules/mathjax": {
      "version": "2.7.9",
      "resolved": "https://registry.npmjs.org/mathjax/-/mathjax-2.7.9.tgz",
      "integrity": "sha512-NOGEDTIM9+MrsqnjPEjVGNx4q0GQxqm61yQwSK+/5S59i26wId5IC5gNu9/bu8+CCVl5p9G2IHcAl/wJa+5+BQ==",
      "dev": true
    }
  },
  "dependencies": {
    "bootstrap": {
      "version": "3.4.1",
      "resolved": "https://registry.npmjs.org/bootstrap/-/bootstrap-3.4.1.tgz",
      "integrity": "sha512-yN5oZVmRCwe5aKwzRj6736nSmKDX7pLYwsXiCj/EYmo16hODaBiT4En5btW/jhBF/seV+XMx3aYwukYC3A49DA==",
      "dev": true
    },
    "codemirror": {
      "version": "5.61.0",
      "resolved": "https://registry.npmjs.org/codemirror/-/codemirror-5.61.0.tgz",
      "integrity": "sha512-D3wYH90tYY1BsKlUe0oNj2JAhQ9TepkD51auk3N7q+4uz7A/cgJ5JsWHreT0PqieW1QhOuqxQ2reCXV1YXzecg==",
      "dev": true
    },
    "commander": {
      "version": "6.2.1",
      "resolved": "https://registry.npmjs.org/commander/-/commander-6.2.1.tgz",
      "integrity": "sha512-U7VdrJFnJgo4xjrHpTzu0yrHPGImdsmD95ZlgYSEajAn2JKzDhDTPG9kBTefmObL2w/ngeZnilk+OV9CG3d7UA==",
      "dev": true
    },
    "katex": {
      "version": "0.13.11",
      "resolved": "https://registry.npmjs.org/katex/-/katex-0.13.11.tgz",
      "integrity": "sha512-yJBHVIgwlAaapzlbvTpVF/ZOs8UkTj/sd46Fl8+qAf2/UiituPYVeapVD8ADZtqyRg/qNWUKt7gJoyYVWLrcXw==",
      "dev": true,
      "requires": {
        "commander": "^6.0.0"
      }
    },
    "mathjax": {
      "version": "2.7.9",
      "resolved": "https://registry.npmjs.org/mathjax/-/mathjax-2.7.9.tgz",
      "integrity": "sha512-NOGEDTIM9+MrsqnjPEjVGNx4q0GQxqm61yQwSK+/5S59i26wId5IC5gNu9/bu8+CCVl5p9G2IHcAl/wJa+5+BQ==",
      "dev": true
    }
  }
}
