{
  "name": "@cocalc/cdn",
  "version": "1.15.1",
  "lockfileVersion": 2,
  "requires": true,
  "packages": {
    "": {
      "name": "@cocalc/cdn",
      "version": "1.15.1",
      "hasInstallScript": true,
      "license": "SEE LICENSE.md",
      "devDependencies": {
        "codemirror": "^5.65.3",
        "katex": "^0.16.10"
      }
    },
    "node_modules/codemirror": {
      "version": "5.65.16",
      "resolved": "https://registry.npmjs.org/codemirror/-/codemirror-5.65.16.tgz",
      "integrity": "sha512-br21LjYmSlVL0vFCPWPfhzUCT34FM/pAdK7rRIZwa0rrtrIdotvP4Oh4GUHsu2E3IrQMCfRkL/fN3ytMNxVQvg==",
      "dev": true
    },
    "node_modules/commander": {
      "version": "8.3.0",
      "resolved": "https://registry.npmjs.org/commander/-/commander-8.3.0.tgz",
      "integrity": "sha512-OkTL9umf+He2DZkUq8f8J9of7yL6RJKI24dVITBmNfZBmri9zYZQrKkuXiKhyfPSu8tUhnVBB1iKXevvnlR4Ww==",
      "dev": true,
      "engines": {
        "node": ">= 12"
      }
    },
    "node_modules/katex": {
      "version": "0.16.10",
      "resolved": "https://registry.npmjs.org/katex/-/katex-0.16.10.tgz",
      "integrity": "sha512-ZiqaC04tp2O5utMsl2TEZTXxa6WSC4yo0fv5ML++D3QZv/vx2Mct0mTlRx3O+uUkjfuAgOkzsCmq5MiUEsDDdA==",
      "dev": true,
      "funding": [
        "https://opencollective.com/katex",
        "https://github.com/sponsors/katex"
      ],
      "dependencies": {
        "commander": "^8.3.0"
      },
      "bin": {
        "katex": "cli.js"
      }
    }
  },
  "dependencies": {
    "codemirror": {
      "version": "5.65.16",
      "resolved": "https://registry.npmjs.org/codemirror/-/codemirror-5.65.16.tgz",
      "integrity": "sha512-br21LjYmSlVL0vFCPWPfhzUCT34FM/pAdK7rRIZwa0rrtrIdotvP4Oh4GUHsu2E3IrQMCfRkL/fN3ytMNxVQvg==",
      "dev": true
    },
    "commander": {
      "version": "8.3.0",
      "resolved": "https://registry.npmjs.org/commander/-/commander-8.3.0.tgz",
      "integrity": "sha512-OkTL9umf+He2DZkUq8f8J9of7yL6RJKI24dVITBmNfZBmri9zYZQrKkuXiKhyfPSu8tUhnVBB1iKXevvnlR4Ww==",
      "dev": true
    },
    "katex": {
      "version": "0.16.10",
      "resolved": "https://registry.npmjs.org/katex/-/katex-0.16.10.tgz",
      "integrity": "sha512-ZiqaC04tp2O5utMsl2TEZTXxa6WSC4yo0fv5ML++D3QZv/vx2Mct0mTlRx3O+uUkjfuAgOkzsCmq5MiUEsDDdA==",
      "dev": true,
      "requires": {
        "commander": "^8.3.0"
      }
    }
  }
}
