{
  "name": "cocalc-ui",
  "version": "1.0.0",
  "lockfileVersion": 1,
  "requires": true,
  "dependencies": {
    "@ant-design/colors": {
      "version": "3.2.2",
      "resolved": "https://registry.npmjs.org/@ant-design/colors/-/colors-3.2.2.tgz",
      "integrity": "sha512-YKgNbG2dlzqMhA9NtI3/pbY16m3Yl/EeWBRa+lB1X1YaYxHrxNexiQYCLTWO/uDvAjLFMEDU+zR901waBtMtjQ==",
      "requires": {
        "tinycolor2": "^1.4.1"
      }
    },
    "@ant-design/create-react-context": {
      "version": "0.2.4",
      "resolved": "https://registry.npmjs.org/@ant-design/create-react-context/-/create-react-context-0.2.4.tgz",
      "integrity": "sha512-8sw+/w6r+aEbd+OJ62ojoSE4zDt/3yfQydmbWFznoftjr8v/opOswGjM+/MU0rSaREbluqzOmZ6xdecHpSaS2w==",
      "requires": {
        "gud": "^1.0.0",
        "warning": "^4.0.3"
      }
    },
    "@ant-design/icons": {
      "version": "2.1.1",
      "resolved": "https://registry.npmjs.org/@ant-design/icons/-/icons-2.1.1.tgz",
      "integrity": "sha512-jCH+k2Vjlno4YWl6g535nHR09PwCEmTBKAG6VqF+rhkrSPRLfgpU2maagwbZPLjaHuU5Jd1DFQ2KJpQuI6uG8w=="
    },
    "@ant-design/icons-react": {
      "version": "2.0.1",
      "resolved": "https://registry.npmjs.org/@ant-design/icons-react/-/icons-react-2.0.1.tgz",
      "integrity": "sha512-r1QfoltMuruJZqdiKcbPim3d8LNsVPB733U0gZEUSxBLuqilwsW28K2rCTWSMTjmFX7Mfpf+v/wdiFe/XCqThw==",
      "requires": {
        "@ant-design/colors": "^3.1.0",
        "babel-runtime": "^6.26.0"
      }
    },
    "@types/prop-types": {
      "version": "15.7.3",
      "resolved": "https://registry.npmjs.org/@types/prop-types/-/prop-types-15.7.3.tgz",
      "integrity": "sha512-KfRL3PuHmqQLOG+2tGpRO26Ctg+Cq1E01D2DMriKEATHgWLfeNDmq9e29Q9WIky0dQ3NPkd1mzYH8Lm936Z9qw=="
    },
    "@types/react": {
      "version": "16.9.3",
      "resolved": "https://registry.npmjs.org/@types/react/-/react-16.9.3.tgz",
      "integrity": "sha512-Ogb2nSn+2qQv5opoCv7Ls5yFxtyrdUYxp5G+SWTrlGk7dmFKw331GiezCgEZj9U7QeXJi1CDtws9pdXU1zUL4g==",
      "requires": {
        "@types/prop-types": "*",
        "csstype": "^2.2.0"
      }
    },
    "@types/react-slick": {
      "version": "0.23.4",
      "resolved": "https://registry.npmjs.org/@types/react-slick/-/react-slick-0.23.4.tgz",
      "integrity": "sha512-vXoIy4GUfB7/YgqubR4H7RALo+pRdMYCeLgWwV3MPwl5pggTlEkFBTF19R7u+LJc85uMqC7RfsbkqPLMQ4ab+A==",
      "requires": {
        "@types/react": "*"
      }
    },
    "add-dom-event-listener": {
      "version": "1.1.0",
      "resolved": "https://registry.npmjs.org/add-dom-event-listener/-/add-dom-event-listener-1.1.0.tgz",
      "integrity": "sha512-WCxx1ixHT0GQU9hb0KI/mhgRQhnU+U3GvwY6ZvVjYq8rsihIGoaIOUbY0yMPBxLH5MDtr0kz3fisWGNcbWW7Jw==",
      "requires": {
        "object-assign": "4.x"
      }
    },
    "antd": {
      "version": "3.23.4",
      "resolved": "https://registry.npmjs.org/antd/-/antd-3.23.4.tgz",
      "integrity": "sha512-WmumOVZ7GSbLkiQyL54edRBDW4AVhFROlNJbd0lajonP2i2uzgC/2B1pZbnY9EE2yjv9tY7MiqlkBT7HLu75cw==",
      "requires": {
        "@ant-design/create-react-context": "^0.2.4",
        "@ant-design/icons": "~2.1.1",
        "@ant-design/icons-react": "~2.0.1",
        "@types/react-slick": "^0.23.4",
        "array-tree-filter": "^2.1.0",
        "babel-runtime": "6.x",
        "classnames": "~2.2.6",
        "copy-to-clipboard": "^3.2.0",
        "css-animation": "^1.5.0",
        "dom-closest": "^0.2.0",
        "enquire.js": "^2.1.6",
        "lodash": "^4.17.13",
        "moment": "^2.24.0",
        "omit.js": "^1.0.2",
        "prop-types": "^15.7.2",
        "raf": "^3.4.1",
        "rc-animate": "^2.8.3",
        "rc-calendar": "~9.15.5",
        "rc-cascader": "~0.17.4",
        "rc-checkbox": "~2.1.6",
        "rc-collapse": "~1.11.3",
        "rc-dialog": "~7.5.2",
        "rc-drawer": "~2.0.1",
        "rc-dropdown": "~2.4.1",
        "rc-editor-mention": "^1.1.13",
        "rc-form": "^2.4.5",
        "rc-input-number": "~4.5.0",
        "rc-mentions": "~0.4.0",
        "rc-menu": "~7.4.23",
        "rc-notification": "~3.3.1",
        "rc-pagination": "~1.20.5",
        "rc-progress": "~2.5.0",
        "rc-rate": "~2.5.0",
        "rc-select": "~9.2.0",
        "rc-slider": "~8.6.11",
        "rc-steps": "~3.5.0",
        "rc-switch": "~1.9.0",
        "rc-table": "~6.7.0",
        "rc-tabs": "~9.6.4",
        "rc-time-picker": "~3.7.1",
        "rc-tooltip": "~3.7.3",
        "rc-tree": "~2.1.0",
        "rc-tree-select": "~2.9.1",
        "rc-trigger": "^2.6.2",
        "rc-upload": "~2.7.0",
        "rc-util": "^4.10.0",
        "react-lazy-load": "^3.0.13",
        "react-lifecycles-compat": "^3.0.4",
        "react-slick": "~0.25.2",
        "resize-observer-polyfill": "^1.5.1",
        "shallowequal": "^1.1.0",
        "warning": "~4.0.3"
      }
    },
    "array-tree-filter": {
      "version": "2.1.0",
      "resolved": "https://registry.npmjs.org/array-tree-filter/-/array-tree-filter-2.1.0.tgz",
      "integrity": "sha512-4ROwICNlNw/Hqa9v+rk5h22KjmzB1JGTMVKP2AKJBOCgb0yL0ASf0+YvCcLNNwquOHNX48jkeZIJ3a+oOQqKcw=="
    },
    "asap": {
      "version": "2.0.6",
      "resolved": "https://registry.npmjs.org/asap/-/asap-2.0.6.tgz",
      "integrity": "sha1-5QNHYR1+aQlDIIu9r+vLwvuGbUY="
    },
    "async-validator": {
      "version": "1.11.5",
      "resolved": "https://registry.npmjs.org/async-validator/-/async-validator-1.11.5.tgz",
      "integrity": "sha512-XNtCsMAeAH1pdLMEg1z8/Bb3a8cdCbui9QbJATRFHHHW5kT6+NPI3zSVQUXgikTFITzsg+kYY5NTWhM2Orwt9w=="
    },
    "babel-runtime": {
      "version": "6.26.0",
      "resolved": "https://registry.npmjs.org/babel-runtime/-/babel-runtime-6.26.0.tgz",
      "integrity": "sha1-llxwWGaOgrVde/4E/yM3vItWR/4=",
      "requires": {
        "core-js": "^2.4.0",
        "regenerator-runtime": "^0.11.0"
      }
    },
    "classnames": {
      "version": "2.2.6",
      "resolved": "https://registry.npmjs.org/classnames/-/classnames-2.2.6.tgz",
      "integrity": "sha512-JR/iSQOSt+LQIWwrwEzJ9uk0xfN3mTVYMwt1Ir5mUcSN6pU+V4zQFFaJsclJbPuAUQH+yfWef6tm7l1quW3C8Q=="
    },
    "component-classes": {
      "version": "1.2.6",
      "resolved": "https://registry.npmjs.org/component-classes/-/component-classes-1.2.6.tgz",
      "integrity": "sha1-xkI5TDYYpNiwuJGe/Mu9kw5c1pE=",
      "requires": {
        "component-indexof": "0.0.3"
      }
    },
    "component-indexof": {
      "version": "0.0.3",
      "resolved": "https://registry.npmjs.org/component-indexof/-/component-indexof-0.0.3.tgz",
      "integrity": "sha1-EdCRMSI5648yyPJa6csAL/6NPCQ="
    },
    "copy-to-clipboard": {
      "version": "3.2.0",
      "resolved": "https://registry.npmjs.org/copy-to-clipboard/-/copy-to-clipboard-3.2.0.tgz",
      "integrity": "sha512-eOZERzvCmxS8HWzugj4Uxl8OJxa7T2k1Gi0X5qavwydHIfuSHq2dTD09LOg/XyGq4Zpb5IsR/2OJ5lbOegz78w==",
      "requires": {
        "toggle-selection": "^1.0.6"
      }
    },
    "core-js": {
      "version": "2.6.9",
      "resolved": "https://registry.npmjs.org/core-js/-/core-js-2.6.9.tgz",
      "integrity": "sha512-HOpZf6eXmnl7la+cUdMnLvUxKNqLUzJvgIziQ0DiF3JwSImNphIqdGqzj6hIKyX04MmV0poclQ7+wjWvxQyR2A=="
    },
    "create-react-class": {
      "version": "15.6.3",
      "resolved": "https://registry.npmjs.org/create-react-class/-/create-react-class-15.6.3.tgz",
      "integrity": "sha512-M+/3Q6E6DLO6Yx3OwrWjwHBnvfXXYA7W+dFjt/ZDBemHO1DDZhsalX/NUtnTYclN6GfnBDRh4qRHjcDHmlJBJg==",
      "requires": {
        "fbjs": "^0.8.9",
        "loose-envify": "^1.3.1",
        "object-assign": "^4.1.1"
      }
    },
    "css-animation": {
      "version": "1.6.1",
      "resolved": "https://registry.npmjs.org/css-animation/-/css-animation-1.6.1.tgz",
      "integrity": "sha512-/48+/BaEaHRY6kNQ2OIPzKf9A6g8WjZYjhiNDNuIVbsm5tXCGIAsHDjB4Xu1C4vXJtUWZo26O68OQkDpNBaPog==",
      "requires": {
        "babel-runtime": "6.x",
        "component-classes": "^1.2.5"
      }
    },
    "csstype": {
      "version": "2.6.6",
      "resolved": "https://registry.npmjs.org/csstype/-/csstype-2.6.6.tgz",
      "integrity": "sha512-RpFbQGUE74iyPgvr46U9t1xoQBM8T4BL8SxrN66Le2xYAPSaDJJKeztV3awugusb3g3G9iL8StmkBBXhcbbXhg=="
    },
    "dom-align": {
      "version": "1.10.2",
      "resolved": "https://registry.npmjs.org/dom-align/-/dom-align-1.10.2.tgz",
      "integrity": "sha512-AYZUzLepy05E9bCY4ExoqHrrIlM49PEak9oF93JEFoibqKL0F7w5DLM70/rosLOawerWZ3MlepQcl+EmHskOyw=="
    },
    "dom-closest": {
      "version": "0.2.0",
      "resolved": "https://registry.npmjs.org/dom-closest/-/dom-closest-0.2.0.tgz",
      "integrity": "sha1-69n5HRvyLo1vR3h2u80+yQIWwM8=",
      "requires": {
        "dom-matches": ">=1.0.1"
      }
    },
    "dom-matches": {
      "version": "2.0.0",
      "resolved": "https://registry.npmjs.org/dom-matches/-/dom-matches-2.0.0.tgz",
      "integrity": "sha1-0nKLQWqHUzmA6wibhI0lPPI6dYw="
    },
    "dom-scroll-into-view": {
      "version": "1.2.1",
      "resolved": "https://registry.npmjs.org/dom-scroll-into-view/-/dom-scroll-into-view-1.2.1.tgz",
      "integrity": "sha1-6PNnMt0ImwIBqI14Fdw/iObWbH4="
    },
    "draft-js": {
      "version": "0.10.5",
      "resolved": "https://registry.npmjs.org/draft-js/-/draft-js-0.10.5.tgz",
      "integrity": "sha512-LE6jSCV9nkPhfVX2ggcRLA4FKs6zWq9ceuO/88BpXdNCS7mjRTgs0NsV6piUCJX9YxMsB9An33wnkMmU2sD2Zg==",
      "requires": {
        "fbjs": "^0.8.15",
        "immutable": "~3.7.4",
        "object-assign": "^4.1.0"
      }
    },
    "encoding": {
      "version": "0.1.12",
      "resolved": "https://registry.npmjs.org/encoding/-/encoding-0.1.12.tgz",
      "integrity": "sha1-U4tm8+5izRq1HsMjgp0flIDHS+s=",
      "requires": {
        "iconv-lite": "~0.4.13"
      }
    },
    "enquire.js": {
      "version": "2.1.6",
      "resolved": "https://registry.npmjs.org/enquire.js/-/enquire.js-2.1.6.tgz",
      "integrity": "sha1-PoeAybi4NQhMP2DhZtvDwqPImBQ="
    },
    "eventlistener": {
      "version": "0.0.1",
      "resolved": "https://registry.npmjs.org/eventlistener/-/eventlistener-0.0.1.tgz",
      "integrity": "sha1-7Suqu4UiJ68rz4iRUscsY8pTLrg="
    },
    "fbjs": {
      "version": "0.8.17",
      "resolved": "https://registry.npmjs.org/fbjs/-/fbjs-0.8.17.tgz",
      "integrity": "sha1-xNWY6taUkRJlPWWIsBpc3Nn5D90=",
      "requires": {
        "core-js": "^1.0.0",
        "isomorphic-fetch": "^2.1.1",
        "loose-envify": "^1.0.0",
        "object-assign": "^4.1.0",
        "promise": "^7.1.1",
        "setimmediate": "^1.0.5",
        "ua-parser-js": "^0.7.18"
      },
      "dependencies": {
        "core-js": {
          "version": "1.2.7",
          "resolved": "https://registry.npmjs.org/core-js/-/core-js-1.2.7.tgz",
          "integrity": "sha1-ZSKUwUZR2yj6k70tX/KYOk8IxjY="
        }
      }
    },
    "gud": {
      "version": "1.0.0",
      "resolved": "https://registry.npmjs.org/gud/-/gud-1.0.0.tgz",
      "integrity": "sha512-zGEOVKFM5sVPPrYs7J5/hYEw2Pof8KCyOwyhG8sAF26mCAeUFAcYPu1mwB7hhpIP29zOIBaDqwuHdLp0jvZXjw=="
    },
    "hammerjs": {
      "version": "2.0.8",
      "resolved": "https://registry.npmjs.org/hammerjs/-/hammerjs-2.0.8.tgz",
      "integrity": "sha1-BO93hiz/K7edMPdpIJWTAiK/YPE="
    },
    "hoist-non-react-statics": {
      "version": "3.3.0",
      "resolved": "https://registry.npmjs.org/hoist-non-react-statics/-/hoist-non-react-statics-3.3.0.tgz",
      "integrity": "sha512-0XsbTXxgiaCDYDIWFcwkmerZPSwywfUqYmwT4jzewKTQSWoE6FCMoUVOeBJWK3E/CrWbxRG3m5GzY4lnIwGRBA==",
      "requires": {
        "react-is": "^16.7.0"
      }
    },
    "iconv-lite": {
      "version": "0.4.24",
      "resolved": "https://registry.npmjs.org/iconv-lite/-/iconv-lite-0.4.24.tgz",
      "integrity": "sha512-v3MXnZAcvnywkTUEZomIActle7RXXeedOR31wwl7VlyoXO4Qi9arvSenNQWne1TcRwhCL1HwLI21bEqdpj8/rA==",
      "requires": {
        "safer-buffer": ">= 2.1.2 < 3"
      }
    },
    "immutable": {
      "version": "3.7.6",
      "resolved": "https://registry.npmjs.org/immutable/-/immutable-3.7.6.tgz",
      "integrity": "sha1-E7TTyxK++hVIKib+Gy665kAHHks="
    },
    "is-stream": {
      "version": "1.1.0",
      "resolved": "https://registry.npmjs.org/is-stream/-/is-stream-1.1.0.tgz",
      "integrity": "sha1-EtSj3U5o4Lec6428hBc66A2RykQ="
    },
    "ismobilejs": {
      "version": "0.5.2",
      "resolved": "https://registry.npmjs.org/ismobilejs/-/ismobilejs-0.5.2.tgz",
      "integrity": "sha512-ta9UdV60xVZk/ZafFtSFslQaE76SvNkcs1r73d2PVR21zVzx9xuYv9tNe4MxA1NN7WoeCc2RjGot3Bz1eHDx3Q=="
    },
    "isomorphic-fetch": {
      "version": "2.2.1",
      "resolved": "https://registry.npmjs.org/isomorphic-fetch/-/isomorphic-fetch-2.2.1.tgz",
      "integrity": "sha1-YRrhrPFPXoH3KVB0coGf6XM1WKk=",
      "requires": {
        "node-fetch": "^1.0.1",
        "whatwg-fetch": ">=0.10.0"
      }
    },
    "js-tokens": {
      "version": "4.0.0",
      "resolved": "https://registry.npmjs.org/js-tokens/-/js-tokens-4.0.0.tgz",
      "integrity": "sha512-RdJUflcE3cUzKiMqQgsCu06FPu9UdIJO0beYbPhHN4k6apgJtifcoCtT9bcxOpYBtpD2kCM6Sbzg4CausW/PKQ=="
    },
    "json2mq": {
      "version": "0.2.0",
      "resolved": "https://registry.npmjs.org/json2mq/-/json2mq-0.2.0.tgz",
      "integrity": "sha1-tje9O6nqvhIsg+lyBIOusQ0skEo=",
      "requires": {
        "string-convert": "^0.2.0"
      }
    },
    "lodash": {
      "version": "4.17.15",
      "resolved": "https://registry.npmjs.org/lodash/-/lodash-4.17.15.tgz",
      "integrity": "sha512-8xOcRHvCjnocdS5cpwXQXVzmmh5e5+saE2QGoeQmbKmRS6J3VQppPOIt0MnmE+4xlZoumy0GPG0D0MVIQbNA1A=="
    },
    "lodash._getnative": {
      "version": "3.9.1",
      "resolved": "https://registry.npmjs.org/lodash._getnative/-/lodash._getnative-3.9.1.tgz",
      "integrity": "sha1-VwvH3t5G1hzc3mh9ZdPuy6o6r/U="
    },
    "lodash.debounce": {
      "version": "4.0.8",
      "resolved": "https://registry.npmjs.org/lodash.debounce/-/lodash.debounce-4.0.8.tgz",
      "integrity": "sha1-gteb/zCmfEAF/9XiUVMArZyk168="
    },
    "lodash.isarguments": {
      "version": "3.1.0",
      "resolved": "https://registry.npmjs.org/lodash.isarguments/-/lodash.isarguments-3.1.0.tgz",
      "integrity": "sha1-L1c9hcaiQon/AGY7SRwdM4/zRYo="
    },
    "lodash.isarray": {
      "version": "3.0.4",
      "resolved": "https://registry.npmjs.org/lodash.isarray/-/lodash.isarray-3.0.4.tgz",
      "integrity": "sha1-eeTriMNqgSKvhvhEqpvNhRtfu1U="
    },
    "lodash.keys": {
      "version": "3.1.2",
      "resolved": "https://registry.npmjs.org/lodash.keys/-/lodash.keys-3.1.2.tgz",
      "integrity": "sha1-TbwEcrFWvlCgsoaFXRvQsMZWCYo=",
      "requires": {
        "lodash._getnative": "^3.0.0",
        "lodash.isarguments": "^3.0.0",
        "lodash.isarray": "^3.0.0"
      }
    },
    "lodash.throttle": {
      "version": "4.1.1",
      "resolved": "https://registry.npmjs.org/lodash.throttle/-/lodash.throttle-4.1.1.tgz",
      "integrity": "sha1-wj6RtxAkKscMN/HhzaknTMOb8vQ="
    },
    "loose-envify": {
      "version": "1.4.0",
      "resolved": "https://registry.npmjs.org/loose-envify/-/loose-envify-1.4.0.tgz",
      "integrity": "sha512-lyuxPGr/Wfhrlem2CL/UcnUc1zcqKAImBDzukY7Y5F/yQiNdko6+fRLevlw1HgMySw7f611UIY408EtxRSoK3Q==",
      "requires": {
        "js-tokens": "^3.0.0 || ^4.0.0"
      }
    },
    "mini-store": {
      "version": "2.0.0",
      "resolved": "https://registry.npmjs.org/mini-store/-/mini-store-2.0.0.tgz",
      "integrity": "sha512-EG0CuwpQmX+XL4QVS0kxNwHW5ftSbhygu1qxQH0pipugjnPkbvkalCdQbEihMwtQY6d3MTN+MS0q+aurs+RfLQ==",
      "requires": {
        "hoist-non-react-statics": "^2.3.1",
        "prop-types": "^15.6.0",
        "react-lifecycles-compat": "^3.0.4",
        "shallowequal": "^1.0.2"
      },
      "dependencies": {
        "hoist-non-react-statics": {
          "version": "2.5.5",
          "resolved": "https://registry.npmjs.org/hoist-non-react-statics/-/hoist-non-react-statics-2.5.5.tgz",
          "integrity": "sha512-rqcy4pJo55FTTLWt+bU8ukscqHeE/e9KWvsOW2b/a3afxQZhwkQdT1rPPCJ0rYXdj4vNcasY8zHTH+jF/qStxw=="
        }
      }
    },
    "moment": {
      "version": "2.24.0",
      "resolved": "https://registry.npmjs.org/moment/-/moment-2.24.0.tgz",
      "integrity": "sha512-bV7f+6l2QigeBBZSM/6yTNq4P2fNpSWj/0e7jQcy87A8e7o2nAfP/34/2ky5Vw4B9S446EtIhodAzkFCcR4dQg=="
    },
    "mutationobserver-shim": {
      "version": "0.3.3",
      "resolved": "https://registry.npmjs.org/mutationobserver-shim/-/mutationobserver-shim-0.3.3.tgz",
      "integrity": "sha512-gciOLNN8Vsf7YzcqRjKzlAJ6y7e+B86u7i3KXes0xfxx/nfLmozlW1Vn+Sc9x3tPIePFgc1AeIFhtRgkqTjzDQ=="
    },
    "node-fetch": {
      "version": "1.7.3",
      "resolved": "https://registry.npmjs.org/node-fetch/-/node-fetch-1.7.3.tgz",
      "integrity": "sha512-NhZ4CsKx7cYm2vSrBAr2PvFOe6sWDf0UYLRqA6svUYg7+/TSfVAu49jYC4BvQ4Sms9SZgdqGBgroqfDhJdTyKQ==",
      "requires": {
        "encoding": "^0.1.11",
        "is-stream": "^1.0.1"
      }
    },
    "object-assign": {
      "version": "4.1.1",
      "resolved": "https://registry.npmjs.org/object-assign/-/object-assign-4.1.1.tgz",
      "integrity": "sha1-IQmtx5ZYh8/AXLvUQsrIv7s2CGM="
    },
    "omit.js": {
      "version": "1.0.2",
      "resolved": "https://registry.npmjs.org/omit.js/-/omit.js-1.0.2.tgz",
      "integrity": "sha512-/QPc6G2NS+8d4L/cQhbk6Yit1WTB6Us2g84A7A/1+w9d/eRGHyEqC5kkQtHVoHZ5NFWGG7tUGgrhVZwgZanKrQ==",
      "requires": {
        "babel-runtime": "^6.23.0"
      }
    },
    "performance-now": {
      "version": "2.1.0",
      "resolved": "https://registry.npmjs.org/performance-now/-/performance-now-2.1.0.tgz",
      "integrity": "sha1-Ywn04OX6kT7BxpMHrjZLSzd8nns="
    },
    "promise": {
      "version": "7.3.1",
      "resolved": "https://registry.npmjs.org/promise/-/promise-7.3.1.tgz",
      "integrity": "sha512-nolQXZ/4L+bP/UGlkfaIujX9BKxGwmQ9OT4mOt5yvy8iK1h3wqTEJCijzGANTCCl9nWjY41juyAn2K3Q1hLLTg==",
      "requires": {
        "asap": "~2.0.3"
      }
    },
    "prop-types": {
      "version": "15.7.2",
      "resolved": "https://registry.npmjs.org/prop-types/-/prop-types-15.7.2.tgz",
      "integrity": "sha512-8QQikdH7//R2vurIJSutZ1smHYTcLpRWEOlHnzcWHmBYrOGUysKwSsrC89BCiFj3CbrfJ/nXFdJepOVrY1GCHQ==",
      "requires": {
        "loose-envify": "^1.4.0",
        "object-assign": "^4.1.1",
        "react-is": "^16.8.1"
      }
    },
    "raf": {
      "version": "3.4.1",
      "resolved": "https://registry.npmjs.org/raf/-/raf-3.4.1.tgz",
      "integrity": "sha512-Sq4CW4QhwOHE8ucn6J34MqtZCeWFP2aQSmrlroYgqAV1PjStIhJXxYuTgUIfkEk7zTLjmIjLmU5q+fbD1NnOJA==",
      "requires": {
        "performance-now": "^2.1.0"
      }
    },
    "rc-align": {
      "version": "2.4.5",
      "resolved": "https://registry.npmjs.org/rc-align/-/rc-align-2.4.5.tgz",
      "integrity": "sha512-nv9wYUYdfyfK+qskThf4BQUSIadeI/dCsfaMZfNEoxm9HwOIioQ+LyqmMK6jWHAZQgOzMLaqawhuBXlF63vgjw==",
      "requires": {
        "babel-runtime": "^6.26.0",
        "dom-align": "^1.7.0",
        "prop-types": "^15.5.8",
        "rc-util": "^4.0.4"
      }
    },
    "rc-animate": {
      "version": "2.10.0",
      "resolved": "https://registry.npmjs.org/rc-animate/-/rc-animate-2.10.0.tgz",
      "integrity": "sha512-gZM3WteZO0e3X8B71KP0bs95EY2tAPRuiZyKnlhdLpOjTX/64SrhDZM3pT2Z8mJjKWNiiB5q2SSSf+BD8ljwVw==",
      "requires": {
        "babel-runtime": "6.x",
        "classnames": "^2.2.6",
        "css-animation": "^1.3.2",
        "prop-types": "15.x",
        "raf": "^3.4.0",
        "rc-util": "^4.8.0",
        "react-lifecycles-compat": "^3.0.4"
      }
    },
    "rc-calendar": {
      "version": "9.15.5",
      "resolved": "https://registry.npmjs.org/rc-calendar/-/rc-calendar-9.15.5.tgz",
      "integrity": "sha512-nvoEXk5P0DADt5b7FHlKiXKj+IhoWawQGSkb5soa6gXQIfoqQJ5+zB2Ogy7k1RxNbxQu4iIkEW/a3+HObVRDdA==",
      "requires": {
        "babel-runtime": "6.x",
        "classnames": "2.x",
        "moment": "2.x",
        "prop-types": "^15.5.8",
        "rc-trigger": "^2.2.0",
        "rc-util": "^4.1.1",
        "react-lifecycles-compat": "^3.0.4"
      }
    },
    "rc-cascader": {
      "version": "0.17.5",
      "resolved": "https://registry.npmjs.org/rc-cascader/-/rc-cascader-0.17.5.tgz",
      "integrity": "sha512-WYMVcxU0+Lj+xLr4YYH0+yXODumvNXDcVEs5i7L1mtpWwYkubPV/zbQpn+jGKFCIW/hOhjkU4J1db8/P/UKE7A==",
      "requires": {
        "array-tree-filter": "^2.1.0",
        "prop-types": "^15.5.8",
        "rc-trigger": "^2.2.0",
        "rc-util": "^4.0.4",
        "react-lifecycles-compat": "^3.0.4",
        "shallow-equal": "^1.0.0",
        "warning": "^4.0.1"
      }
    },
    "rc-checkbox": {
      "version": "2.1.8",
      "resolved": "https://registry.npmjs.org/rc-checkbox/-/rc-checkbox-2.1.8.tgz",
      "integrity": "sha512-6qOgh0/by0nVNASx6LZnhRTy17Etcgav+IrI7kL9V9kcDZ/g7K14JFlqrtJ3NjDq/Kyn+BPI1st1XvbkhfaJeg==",
      "requires": {
        "babel-runtime": "^6.23.0",
        "classnames": "2.x",
        "prop-types": "15.x",
        "react-lifecycles-compat": "^3.0.4"
      }
    },
    "rc-collapse": {
      "version": "1.11.7",
      "resolved": "https://registry.npmjs.org/rc-collapse/-/rc-collapse-1.11.7.tgz",
      "integrity": "sha512-ge3EEzIFtrDGuPX4bxXdQqwb91JnPIdj3B+FU88yNOUeOroNuA2q9kVK+UatpQ1Eft5hNo/ICTDrVFi8+685ng==",
      "requires": {
        "classnames": "2.x",
        "css-animation": "1.x",
        "prop-types": "^15.5.6",
        "rc-animate": "2.x",
        "react-is": "^16.7.0",
        "react-lifecycles-compat": "^3.0.4",
        "shallowequal": "^1.1.0"
      }
    },
    "rc-dialog": {
      "version": "7.5.7",
      "resolved": "https://registry.npmjs.org/rc-dialog/-/rc-dialog-7.5.7.tgz",
      "integrity": "sha512-hSKzxdbkWylenjdyNwUPz2Wb4pkmpFld/Qp7u5uhXhlLUTUjQceCj+VFXHWKfBGlesm34SD4wNl4ZvyEYIAdNA==",
      "requires": {
        "babel-runtime": "6.x",
        "rc-animate": "2.x",
        "rc-util": "^4.8.1"
      }
    },
    "rc-drawer": {
      "version": "2.0.9",
      "resolved": "https://registry.npmjs.org/rc-drawer/-/rc-drawer-2.0.9.tgz",
      "integrity": "sha512-7qwEND3TLvJeyuUvZfMDkL2pHsR/XHX5HvoaBlIH9mTcFWBmMNrvYGDuGHgGsdNKZZgIBwlkvl5vhckydTUc9Q==",
      "requires": {
        "babel-runtime": "6.x",
        "classnames": "^2.2.5",
        "rc-util": "^4.7.0",
        "react-lifecycles-compat": "^3.0.4"
      }
    },
    "rc-dropdown": {
      "version": "2.4.1",
      "resolved": "https://registry.npmjs.org/rc-dropdown/-/rc-dropdown-2.4.1.tgz",
      "integrity": "sha512-p0XYn0wrOpAZ2fUGE6YJ6U8JBNc5ASijznZ6dkojdaEfQJAeZtV9KMEewhxkVlxGSbbdXe10ptjBlTEW9vEwEg==",
      "requires": {
        "babel-runtime": "^6.26.0",
        "classnames": "^2.2.6",
        "prop-types": "^15.5.8",
        "rc-trigger": "^2.5.1",
        "react-lifecycles-compat": "^3.0.2"
      }
    },
    "rc-editor-core": {
      "version": "0.8.10",
      "resolved": "https://registry.npmjs.org/rc-editor-core/-/rc-editor-core-0.8.10.tgz",
      "integrity": "sha512-T3aHpeMCIYA1sdAI7ynHHjXy5fqp83uPlD68ovZ0oClTSc3tbHmyCxXlA+Ti4YgmcpCYv7avF6a+TIbAka53kw==",
      "requires": {
        "babel-runtime": "^6.26.0",
        "classnames": "^2.2.5",
        "draft-js": "^0.10.0",
        "immutable": "^3.7.4",
        "lodash": "^4.16.5",
        "prop-types": "^15.5.8",
        "setimmediate": "^1.0.5"
      }
    },
    "rc-editor-mention": {
      "version": "1.1.13",
      "resolved": "https://registry.npmjs.org/rc-editor-mention/-/rc-editor-mention-1.1.13.tgz",
      "integrity": "sha512-3AOmGir91Fi2ogfRRaXLtqlNuIwQpvla7oUnGHS1+3eo7b+fUp5IlKcagqtwUBB5oDNofoySXkLBxzWvSYNp/Q==",
      "requires": {
        "babel-runtime": "^6.23.0",
        "classnames": "^2.2.5",
        "dom-scroll-into-view": "^1.2.0",
        "draft-js": "~0.10.0",
        "immutable": "~3.7.4",
        "prop-types": "^15.5.8",
        "rc-animate": "^2.3.0",
        "rc-editor-core": "~0.8.3"
      }
    },
    "rc-form": {
      "version": "2.4.8",
      "resolved": "https://registry.npmjs.org/rc-form/-/rc-form-2.4.8.tgz",
      "integrity": "sha512-hlHajcYg51pFQf+B6neAbhy2ZA+8DmxnDxiOYZRAXCLhPN788ZnrtZq5/iADDWcZqjHFnXiThoZE/Fu8syciDQ==",
      "requires": {
        "async-validator": "~1.11.3",
        "babel-runtime": "6.x",
        "create-react-class": "^15.5.3",
        "dom-scroll-into-view": "1.x",
        "hoist-non-react-statics": "^3.3.0",
        "lodash": "^4.17.4",
        "warning": "^4.0.3"
      }
    },
    "rc-hammerjs": {
      "version": "0.6.9",
      "resolved": "https://registry.npmjs.org/rc-hammerjs/-/rc-hammerjs-0.6.9.tgz",
      "integrity": "sha512-4llgWO3RgLyVbEqUdGsDfzUDqklRlQW5VEhE3x35IvhV+w//VPRG34SBavK3D2mD/UaLKaohgU41V4agiftC8g==",
      "requires": {
        "babel-runtime": "6.x",
        "hammerjs": "^2.0.8",
        "prop-types": "^15.5.9"
      }
    },
    "rc-input-number": {
      "version": "4.5.0",
      "resolved": "https://registry.npmjs.org/rc-input-number/-/rc-input-number-4.5.0.tgz",
      "integrity": "sha512-0igTdXuxVykBB82jafUmhbRVmgtd0FuGSIX4SbrynGNrLDOyze3EUKsZl+LyQ4JMRXLrcuZKJg385880RVLA2w==",
      "requires": {
        "babel-runtime": "6.x",
        "classnames": "^2.2.0",
        "prop-types": "^15.5.7",
        "rc-util": "^4.5.1",
        "rmc-feedback": "^2.0.0"
      }
    },
    "rc-mentions": {
      "version": "0.4.0",
      "resolved": "https://registry.npmjs.org/rc-mentions/-/rc-mentions-0.4.0.tgz",
      "integrity": "sha512-xnkQBTUFp4llaJuDOLVFKX9ELrXFHk1FuUdIIC/ijQ6cLjDhCUu+jpHNcXWuQ/yIFzF376VlXkmT57iqxSnZzw==",
      "requires": {
        "@ant-design/create-react-context": "^0.2.4",
        "classnames": "^2.2.6",
        "rc-menu": "^7.4.22",
        "rc-trigger": "^2.6.2",
        "rc-util": "^4.6.0",
        "react-lifecycles-compat": "^3.0.4"
      }
    },
    "rc-menu": {
      "version": "7.4.29",
      "resolved": "https://registry.npmjs.org/rc-menu/-/rc-menu-7.4.29.tgz",
      "integrity": "sha512-KayRzEWUtDnrOnookEgoZ4xyj34H9eONwcHLIbmR2xUqQKr/o64RgPk1gRVA4vLIxPscPR1gD16nxgwLk8nNgQ==",
      "requires": {
        "babel-runtime": "6.x",
        "classnames": "2.x",
        "dom-scroll-into-view": "1.x",
        "ismobilejs": "^0.5.1",
        "mini-store": "^2.0.0",
        "mutationobserver-shim": "^0.3.2",
        "prop-types": "^15.5.6",
        "rc-animate": "2.x",
        "rc-trigger": "^2.3.0",
        "rc-util": "^4.1.0",
        "resize-observer-polyfill": "^1.5.0"
      }
    },
    "rc-notification": {
      "version": "3.3.1",
      "resolved": "https://registry.npmjs.org/rc-notification/-/rc-notification-3.3.1.tgz",
      "integrity": "sha512-U5+f4BmBVfMSf3OHSLyRagsJ74yKwlrQAtbbL5ijoA0F2C60BufwnOcHG18tVprd7iaIjzZt1TKMmQSYSvgrig==",
      "requires": {
        "babel-runtime": "6.x",
        "classnames": "2.x",
        "prop-types": "^15.5.8",
        "rc-animate": "2.x",
        "rc-util": "^4.0.4"
      }
    },
    "rc-pagination": {
      "version": "1.20.7",
      "resolved": "https://registry.npmjs.org/rc-pagination/-/rc-pagination-1.20.7.tgz",
      "integrity": "sha512-I548/cVC26L0CvZzGNewcoMPwGAxeQxuLL7jS+U6rF3ZYX3A1j7B88O3JoPM6L3rj+s2UJbcZn3XqUA2FKaDEQ==",
      "requires": {
        "babel-runtime": "6.x",
        "classnames": "^2.2.6",
        "prop-types": "^15.5.7",
        "react-lifecycles-compat": "^3.0.4"
      }
    },
    "rc-progress": {
      "version": "2.5.2",
      "resolved": "https://registry.npmjs.org/rc-progress/-/rc-progress-2.5.2.tgz",
      "integrity": "sha512-ajI+MJkbBz9zYDuE9GQsY5gsyqPF7HFioZEDZ9Fmc+ebNZoiSeSJsTJImPFCg0dW/5WiRGUy2F69SX1aPtSJgA==",
      "requires": {
        "babel-runtime": "6.x",
        "prop-types": "^15.5.8"
      }
    },
    "rc-rate": {
      "version": "2.5.0",
      "resolved": "https://registry.npmjs.org/rc-rate/-/rc-rate-2.5.0.tgz",
      "integrity": "sha512-aXX5klRqbVZxvLghcKnLqqo7LvLVCHswEDteWsm5Gb7NBIPa1YKTcAbvb5SZ4Z4i4EeRoZaPwygRAWsQgGtbKw==",
      "requires": {
        "classnames": "^2.2.5",
        "prop-types": "^15.5.8",
        "rc-util": "^4.3.0",
        "react-lifecycles-compat": "^3.0.4"
      }
    },
    "rc-select": {
      "version": "9.2.1",
      "resolved": "https://registry.npmjs.org/rc-select/-/rc-select-9.2.1.tgz",
      "integrity": "sha512-nW/Zr2OCgxN26OX8ff3xcO1wK0e1l5ixnEfyN15Rbdk7TNI/rIPJIjPCQAoihRpk9A2C/GH8pahjlvKV1Vj++g==",
      "requires": {
        "babel-runtime": "^6.23.0",
        "classnames": "2.x",
        "component-classes": "1.x",
        "dom-scroll-into-view": "1.x",
        "prop-types": "^15.5.8",
        "raf": "^3.4.0",
        "rc-animate": "2.x",
        "rc-menu": "^7.3.0",
        "rc-trigger": "^2.5.4",
        "rc-util": "^4.0.4",
        "react-lifecycles-compat": "^3.0.2",
        "warning": "^4.0.2"
      }
    },
    "rc-slider": {
      "version": "8.6.13",
      "resolved": "https://registry.npmjs.org/rc-slider/-/rc-slider-8.6.13.tgz",
      "integrity": "sha512-fCUe8pPn8n9pq1ARX44nN2nzJoATtna4x/PdskUrxIvZXN8ja7HuceN/hq6kokZjo3FBD2B1yMZvZh6oi68l6Q==",
      "requires": {
        "babel-runtime": "6.x",
        "classnames": "^2.2.5",
        "prop-types": "^15.5.4",
        "rc-tooltip": "^3.7.0",
        "rc-util": "^4.0.4",
        "shallowequal": "^1.0.1",
        "warning": "^4.0.3"
      }
    },
    "rc-steps": {
      "version": "3.5.0",
      "resolved": "https://registry.npmjs.org/rc-steps/-/rc-steps-3.5.0.tgz",
      "integrity": "sha512-2Vkkrpa7PZbg7qPsqTNzVDov4u78cmxofjjnIHiGB9+9rqKS8oTLPzbW2uiWDr3Lk+yGwh8rbpGO1E6VAgBCOg==",
      "requires": {
        "babel-runtime": "^6.23.0",
        "classnames": "^2.2.3",
        "lodash": "^4.17.5",
        "prop-types": "^15.5.7"
      }
    },
    "rc-switch": {
      "version": "1.9.0",
      "resolved": "https://registry.npmjs.org/rc-switch/-/rc-switch-1.9.0.tgz",
      "integrity": "sha512-Isas+egaK6qSk64jaEw4GgPStY4umYDbT7ZY93bZF1Af+b/JEsKsJdNOU2qG3WI0Z6tXo2DDq0kJCv8Yhu0zww==",
      "requires": {
        "classnames": "^2.2.1",
        "prop-types": "^15.5.6",
        "react-lifecycles-compat": "^3.0.4"
      }
    },
    "rc-table": {
      "version": "6.7.0",
      "resolved": "https://registry.npmjs.org/rc-table/-/rc-table-6.7.0.tgz",
      "integrity": "sha512-zzu7UtEHLTzZibB1EOoeKQejH21suoxRQx3evlGGLwz5NUh2HDUHobSr12z5Kd8EPr1+y/LPzXJdX1ctFPC+hA==",
      "requires": {
        "babel-runtime": "6.x",
        "classnames": "^2.2.5",
        "component-classes": "^1.2.6",
        "lodash": "^4.17.5",
        "mini-store": "^2.0.0",
        "prop-types": "^15.5.8",
        "rc-util": "^4.0.4",
        "react-lifecycles-compat": "^3.0.2",
        "shallowequal": "^1.0.2",
        "warning": "^3.0.0"
      },
      "dependencies": {
        "warning": {
          "version": "3.0.0",
          "resolved": "https://registry.npmjs.org/warning/-/warning-3.0.0.tgz",
          "integrity": "sha1-MuU3fLVy3kqwR1O9+IIcAe1gW3w=",
          "requires": {
            "loose-envify": "^1.0.0"
          }
        }
      }
    },
    "rc-tabs": {
      "version": "9.6.7",
      "resolved": "https://registry.npmjs.org/rc-tabs/-/rc-tabs-9.6.7.tgz",
      "integrity": "sha512-OXbDOgaqv2MGK9QaDi6cdva6bNz3XGw+M9BHQpm1gTGmVQEGx5VcclDClH/3xobIzooxy8hrxg/s0rTlgDnC2w==",
      "requires": {
        "@ant-design/create-react-context": "^0.2.4",
        "babel-runtime": "6.x",
        "classnames": "2.x",
        "lodash": "^4.17.5",
        "prop-types": "15.x",
        "raf": "^3.4.1",
        "rc-hammerjs": "~0.6.0",
        "rc-util": "^4.0.4",
        "react-lifecycles-compat": "^3.0.4",
        "resize-observer-polyfill": "^1.5.1",
        "warning": "^4.0.3"
      }
    },
    "rc-time-picker": {
      "version": "3.7.2",
      "resolved": "https://registry.npmjs.org/rc-time-picker/-/rc-time-picker-3.7.2.tgz",
      "integrity": "sha512-UVWO9HXGyZoM4I2THlJsEAFcZQz+tYwdcpoHXCEFZsRLz9L2+7vV4EMp9Wa3UrtzMFEt83qSAX/90dCJeKl9sg==",
      "requires": {
        "classnames": "2.x",
        "moment": "2.x",
        "prop-types": "^15.5.8",
        "raf": "^3.4.1",
        "rc-trigger": "^2.2.0",
        "react-lifecycles-compat": "^3.0.4"
      }
    },
    "rc-tooltip": {
      "version": "3.7.3",
      "resolved": "https://registry.npmjs.org/rc-tooltip/-/rc-tooltip-3.7.3.tgz",
      "integrity": "sha512-dE2ibukxxkrde7wH9W8ozHKUO4aQnPZ6qBHtrTH9LoO836PjDdiaWO73fgPB05VfJs9FbZdmGPVEbXCeOP99Ww==",
      "requires": {
        "babel-runtime": "6.x",
        "prop-types": "^15.5.8",
        "rc-trigger": "^2.2.2"
      }
    },
    "rc-tree": {
      "version": "2.1.2",
      "resolved": "https://registry.npmjs.org/rc-tree/-/rc-tree-2.1.2.tgz",
      "integrity": "sha512-IQG0bkY4bfK11oVIF44Y4V3IuIOAmIIc5j8b8XGkRjsnUOElRr/BNqKCvg9h2UsNJm1J2xv4OA0HfEIv70765Q==",
      "requires": {
        "@ant-design/create-react-context": "^0.2.4",
        "classnames": "2.x",
        "prop-types": "^15.5.8",
        "rc-animate": "^2.6.0",
        "rc-util": "^4.5.1",
        "react-lifecycles-compat": "^3.0.4",
        "warning": "^4.0.3"
      }
    },
    "rc-tree-select": {
      "version": "2.9.1",
      "resolved": "https://registry.npmjs.org/rc-tree-select/-/rc-tree-select-2.9.1.tgz",
      "integrity": "sha512-AfJQC1ZzaeH+Onmx84TtVLUL2guBZe7exA8XSfj1RRB1doDbYGTtybzpP3CEw/tuSftSRnz+iPt+iaxRTrgXRw==",
      "requires": {
        "classnames": "^2.2.1",
        "dom-scroll-into-view": "^1.2.1",
        "prop-types": "^15.5.8",
        "raf": "^3.4.0",
        "rc-animate": "^2.8.2",
        "rc-tree": "~2.0.0",
        "rc-trigger": "^3.0.0-rc.2",
        "rc-util": "^4.5.0",
        "react-lifecycles-compat": "^3.0.4",
        "shallowequal": "^1.0.2",
        "warning": "^4.0.1"
      },
      "dependencies": {
        "rc-tree": {
          "version": "2.0.0",
          "resolved": "https://registry.npmjs.org/rc-tree/-/rc-tree-2.0.0.tgz",
          "integrity": "sha512-DAT/jsbnFbHqG9Df9OaVG93CAVtTsJVnJiwKX+wqsG8TChpty3s6QX3zJZ+gBgjkq4ikLbu1kuFJtX63EKhSAA==",
          "requires": {
            "babel-runtime": "^6.23.0",
            "classnames": "2.x",
            "prop-types": "^15.5.8",
            "rc-animate": "^2.6.0",
            "rc-util": "^4.5.1",
            "react-lifecycles-compat": "^3.0.4",
            "warning": "^3.0.0"
          },
          "dependencies": {
            "warning": {
              "version": "3.0.0",
              "resolved": "https://registry.npmjs.org/warning/-/warning-3.0.0.tgz",
              "integrity": "sha1-MuU3fLVy3kqwR1O9+IIcAe1gW3w=",
              "requires": {
                "loose-envify": "^1.0.0"
              }
            }
          }
        },
        "rc-trigger": {
          "version": "3.0.0-rc.3",
          "resolved": "https://registry.npmjs.org/rc-trigger/-/rc-trigger-3.0.0-rc.3.tgz",
          "integrity": "sha512-4vB6cpxcUdm2qO5VtB9q1TZz0MoWm9BzFLvGknulphGrl1qI6uxUsPDCvqnmujdpDdAKGGfjxntFpA7RtAwkFQ==",
          "requires": {
            "babel-runtime": "6.x",
            "classnames": "^2.2.6",
            "prop-types": "15.x",
            "raf": "^3.4.0",
            "rc-align": "^2.4.1",
            "rc-animate": "^3.0.0-rc.1",
            "rc-util": "^4.4.0"
          },
          "dependencies": {
            "rc-animate": {
              "version": "3.0.0-rc.6",
              "resolved": "https://registry.npmjs.org/rc-animate/-/rc-animate-3.0.0-rc.6.tgz",
              "integrity": "sha512-oBLPpiT6Q4t6YvD/pkLcmofBP1p01TX0Otse8Q4+Mxt8J+VSDflLZGIgf62EwkvRwsQUkLPjZVFBsldnPKLzjg==",
              "requires": {
                "babel-runtime": "6.x",
                "classnames": "^2.2.5",
                "component-classes": "^1.2.6",
                "fbjs": "^0.8.16",
                "prop-types": "15.x",
                "raf": "^3.4.0",
                "rc-util": "^4.5.0",
                "react-lifecycles-compat": "^3.0.4"
              }
            }
          }
        }
      }
    },
    "rc-trigger": {
      "version": "2.6.5",
      "resolved": "https://registry.npmjs.org/rc-trigger/-/rc-trigger-2.6.5.tgz",
      "integrity": "sha512-m6Cts9hLeZWsTvWnuMm7oElhf+03GOjOLfTuU0QmdB9ZrW7jR2IpI5rpNM7i9MvAAlMAmTx5Zr7g3uu/aMvZAw==",
      "requires": {
        "babel-runtime": "6.x",
        "classnames": "^2.2.6",
        "prop-types": "15.x",
        "rc-align": "^2.4.0",
        "rc-animate": "2.x",
        "rc-util": "^4.4.0",
        "react-lifecycles-compat": "^3.0.4"
      }
    },
    "rc-upload": {
      "version": "2.7.0",
      "resolved": "https://registry.npmjs.org/rc-upload/-/rc-upload-2.7.0.tgz",
      "integrity": "sha512-Oh9EJB4xE8MQUZ2D0OUST3UMIBjHjnO2IjPNW/cbPredxZz+lzbLPCZxcxRwUwu1gt0LA968UWXAgT1EvZdFfA==",
      "requires": {
        "babel-runtime": "6.x",
        "classnames": "^2.2.5",
        "prop-types": "^15.5.7",
        "warning": "4.x"
      }
    },
    "rc-util": {
      "version": "4.11.0",
      "resolved": "https://registry.npmjs.org/rc-util/-/rc-util-4.11.0.tgz",
      "integrity": "sha512-nB29kXOXsSVjBkWfH+Z1GVh6tRg7XGZtZ0Yfie+OI0stCDixGQ1cPrS6iYxlg+AV2St6COCK5MFrCmpTgghh0w==",
      "requires": {
        "add-dom-event-listener": "^1.1.0",
        "babel-runtime": "6.x",
        "prop-types": "^15.5.10",
        "react-lifecycles-compat": "^3.0.4",
        "shallowequal": "^0.2.2"
      },
      "dependencies": {
        "shallowequal": {
          "version": "0.2.2",
          "resolved": "https://registry.npmjs.org/shallowequal/-/shallowequal-0.2.2.tgz",
          "integrity": "sha1-HjL9W8q2rWiKSBLLDMBO/HXHAU4=",
          "requires": {
            "lodash.keys": "^3.1.2"
          }
        }
      }
    },
    "react-is": {
      "version": "16.9.0",
      "resolved": "https://registry.npmjs.org/react-is/-/react-is-16.9.0.tgz",
      "integrity": "sha512-tJBzzzIgnnRfEm046qRcURvwQnZVXmuCbscxUO5RWrGTXpon2d4c8mI0D8WE6ydVIm29JiLB6+RslkIvym9Rjw=="
    },
    "react-lazy-load": {
      "version": "3.0.13",
      "resolved": "https://registry.npmjs.org/react-lazy-load/-/react-lazy-load-3.0.13.tgz",
      "integrity": "sha1-OwqS0zbUPT8Nc8vm81sXBQsIuCQ=",
      "requires": {
        "eventlistener": "0.0.1",
        "lodash.debounce": "^4.0.0",
        "lodash.throttle": "^4.0.0",
        "prop-types": "^15.5.8"
      }
    },
    "react-lifecycles-compat": {
      "version": "3.0.4",
      "resolved": "https://registry.npmjs.org/react-lifecycles-compat/-/react-lifecycles-compat-3.0.4.tgz",
      "integrity": "sha512-fBASbA6LnOU9dOU2eW7aQ8xmYBSXUIWr+UmF9b1efZBazGNO+rcXT/icdKnYm2pTwcRylVUYwW7H1PHfLekVzA=="
    },
    "react-slick": {
      "version": "0.25.2",
      "resolved": "https://registry.npmjs.org/react-slick/-/react-slick-0.25.2.tgz",
      "integrity": "sha512-8MNH/NFX/R7zF6W/w+FS5VXNyDusF+XDW1OU0SzODEU7wqYB+ZTGAiNJ++zVNAVqCAHdyCybScaUB+FCZOmBBw==",
      "requires": {
        "classnames": "^2.2.5",
        "enquire.js": "^2.1.6",
        "json2mq": "^0.2.0",
        "lodash.debounce": "^4.0.8",
        "resize-observer-polyfill": "^1.5.0"
      }
    },
    "regenerator-runtime": {
      "version": "0.11.1",
      "resolved": "https://registry.npmjs.org/regenerator-runtime/-/regenerator-runtime-0.11.1.tgz",
      "integrity": "sha512-MguG95oij0fC3QV3URf4V2SDYGJhJnJGqvIIgdECeODCT98wSWDAJ94SSuVpYQUoTcGUIL6L4yNB7j1DFFHSBg=="
    },
    "resize-observer-polyfill": {
      "version": "1.5.1",
      "resolved": "https://registry.npmjs.org/resize-observer-polyfill/-/resize-observer-polyfill-1.5.1.tgz",
      "integrity": "sha512-LwZrotdHOo12nQuZlHEmtuXdqGoOD0OhaxopaNFxWzInpEgaLWoVuAMbTzixuosCx2nEG58ngzW3vxdWoxIgdg=="
    },
    "rmc-feedback": {
      "version": "2.0.0",
      "resolved": "https://registry.npmjs.org/rmc-feedback/-/rmc-feedback-2.0.0.tgz",
      "integrity": "sha512-5PWOGOW7VXks/l3JzlOU9NIxRpuaSS8d9zA3UULUCuTKnpwBHNvv1jSJzxgbbCQeYzROWUpgKI4za3X4C/mKmQ==",
      "requires": {
        "babel-runtime": "6.x",
        "classnames": "^2.2.5"
      }
    },
    "safer-buffer": {
      "version": "2.1.2",
      "resolved": "https://registry.npmjs.org/safer-buffer/-/safer-buffer-2.1.2.tgz",
      "integrity": "sha512-YZo3K82SD7Riyi0E1EQPojLz7kpepnSQI9IyPbHHg1XXXevb5dJI7tpyN2ADxGcQbHG7vcyRHk0cbwqcQriUtg=="
    },
    "setimmediate": {
      "version": "1.0.5",
      "resolved": "https://registry.npmjs.org/setimmediate/-/setimmediate-1.0.5.tgz",
      "integrity": "sha1-KQy7Iy4waULX1+qbg3Mqt4VvgoU="
    },
    "shallow-equal": {
      "version": "1.2.0",
      "resolved": "https://registry.npmjs.org/shallow-equal/-/shallow-equal-1.2.0.tgz",
      "integrity": "sha512-Z21pVxR4cXsfwpMKMhCEIO1PCi5sp7KEp+CmOpBQ+E8GpHwKOw2sEzk7sgblM3d/j4z4gakoWEoPcjK0VJQogA=="
    },
    "shallowequal": {
      "version": "1.1.0",
      "resolved": "https://registry.npmjs.org/shallowequal/-/shallowequal-1.1.0.tgz",
      "integrity": "sha512-y0m1JoUZSlPAjXVtPPW70aZWfIL/dSP7AFkRnniLCrK/8MDKog3TySTBmckD+RObVxH0v4Tox67+F14PdED2oQ=="
    },
    "string-convert": {
      "version": "0.2.1",
      "resolved": "https://registry.npmjs.org/string-convert/-/string-convert-0.2.1.tgz",
      "integrity": "sha1-aYLMMEn7tM2F+LJFaLnZvznu/5c="
    },
    "tinycolor2": {
      "version": "1.4.1",
      "resolved": "https://registry.npmjs.org/tinycolor2/-/tinycolor2-1.4.1.tgz",
      "integrity": "sha1-9PrTM0R7wLB9TcjpIJ2POaisd+g="
    },
    "toggle-selection": {
      "version": "1.0.6",
      "resolved": "https://registry.npmjs.org/toggle-selection/-/toggle-selection-1.0.6.tgz",
      "integrity": "sha1-bkWxJj8gF/oKzH2J14sVuL932jI="
    },
    "ua-parser-js": {
      "version": "0.7.20",
      "resolved": "https://registry.npmjs.org/ua-parser-js/-/ua-parser-js-0.7.20.tgz",
      "integrity": "sha512-8OaIKfzL5cpx8eCMAhhvTlft8GYF8b2eQr6JkCyVdrgjcytyOmPCXrqXFcUnhonRpLlh5yxEZVohm6mzaowUOw=="
    },
    "warning": {
      "version": "4.0.3",
      "resolved": "https://registry.npmjs.org/warning/-/warning-4.0.3.tgz",
      "integrity": "sha512-rpJyN222KWIvHJ/F53XSZv0Zl/accqHR8et1kpaMTD/fLCRxtV8iX8czMzY7sVZupTI3zcUTg8eycS2kNF9l6w==",
      "requires": {
        "loose-envify": "^1.0.0"
      }
    },
    "whatwg-fetch": {
      "version": "3.0.0",
      "resolved": "https://registry.npmjs.org/whatwg-fetch/-/whatwg-fetch-3.0.0.tgz",
      "integrity": "sha512-9GSJUgz1D4MfyKU7KRqwOjXCXTqWdFNvEr7eUBYchQiVc744mqK/MzXPNR2WsPkmkOa4ywfg8C2n8h+13Bey1Q=="
    }
  }
}
