lockfileVersion: '9.0'

settings:
  autoInstallPeers: true
  excludeLinksFromLockfile: false

importers:

  compute:
    dependencies:
      '@cocalc/api-client':
        specifier: workspace:*
        version: link:../api-client
      '@cocalc/backend':
        specifier: workspace:*
        version: link:../backend
      '@cocalc/compute':
        specifier: 'link:'
        version: 'link:'
      '@cocalc/conat':
        specifier: workspace:*
        version: link:../conat
      '@cocalc/jupyter':
        specifier: workspace:*
        version: link:../jupyter
      '@cocalc/project':
        specifier: workspace:*
        version: link:../project
      '@cocalc/sync':
        specifier: workspace:*
        version: link:../sync
      '@cocalc/sync-client':
        specifier: workspace:*
        version: link:../sync-client
      '@cocalc/sync-fs':
        specifier: workspace:*
        version: link:../sync-fs
      '@cocalc/util':
        specifier: workspace:*
        version: link:../util
      '@types/ws':
        specifier: ^8.18.1
        version: 8.18.1
      awaiting:
        specifier: ^3.0.0
        version: 3.0.0
      cookie:
        specifier: ^1.0.0
        version: 1.0.0
      debug:
        specifier: ^4.4.0
        version: 4.4.0
      websocketfs:
        specifier: ^0.17.6
        version: 0.17.6
      ws:
        specifier: ^8.18.0
        version: 8.18.0
    devDependencies:
      '@types/cookie':
        specifier: ^0.6.0
        version: 0.6.0
      '@types/node':
        specifier: ^18.16.14
        version: 18.16.14
      typescript:
        specifier: ^5.7.3
        version: 5.7.3

packages:

  '@antoniomuso/lz4-napi-android-arm-eabi@2.8.0':
    resolution: {integrity: sha512-j1AF1SXOpgiEUxF74cOQLPTwAB9hvR4TqoHJR/ClzP1iWrWZCm6P6tNLy1P1KSn1x3ATGyiTHJqn1V5GvimJvQ==}
    engines: {node: '>= 10'}
    cpu: [arm]
    os: [android]

  '@antoniomuso/lz4-napi-android-arm64@2.8.0':
    resolution: {integrity: sha512-lWWPa65eDfhopwFx77bzEUClMHC0WBmy1mOb6LaLRBuT8FaBIscwanb93Zmz1VSbrHTg3sgW3qbGYCEz/WP0Lg==}
    engines: {node: '>= 10'}
    cpu: [arm64]
    os: [android]

  '@antoniomuso/lz4-napi-darwin-arm64@2.8.0':
    resolution: {integrity: sha512-vJPGIBBwQKfYW8bp/WZBvSuNxiTHAe5RcQY44If9/wzo+uSNbbglCJOBSJurvRHEVFPREBWlVtXhTVP4qCxZdQ==}
    engines: {node: '>= 10'}
    cpu: [arm64]
    os: [darwin]

  '@antoniomuso/lz4-napi-darwin-x64@2.8.0':
    resolution: {integrity: sha512-DK+jjKKmQtZT80UC08z2Uz08G3QJyZijL8BjyxsMHNXEPHp+bYbWWM6esecadwbl61zrHIiiHx4m7WTLaC1ijA==}
    engines: {node: '>= 10'}
    cpu: [x64]
    os: [darwin]

  '@antoniomuso/lz4-napi-freebsd-x64@2.8.0':
    resolution: {integrity: sha512-4etI4CH+maAMfhRoSn2vGPcPOVA5ASFkeowfOL0BxKGN6QrFtRwzACGl6f/61tcmdDV7mypaw///6VXL3o2ksQ==}
    engines: {node: '>= 10'}
    cpu: [x64]
    os: [freebsd]

  '@antoniomuso/lz4-napi-linux-arm-gnueabihf@2.8.0':
    resolution: {integrity: sha512-PwWXPXCEmN/PYpqiKaxxbqLhPFtS05YYaFjmcZ55PXSpb/Okq/aO93+JCUuB5+zCMeKBfv3SGDaxN62moEGr5w==}
    engines: {node: '>= 10'}
    cpu: [arm]
    os: [linux]

  '@antoniomuso/lz4-napi-linux-arm64-gnu@2.8.0':
    resolution: {integrity: sha512-ky5Av50tnYLZTMcCFK2r/yQng7PRvdTS6J3FMiFsaMQbOgieKa0Ll61MMIHWrixhJSHW0oOFbsWIcr06xO7Gdg==}
    engines: {node: '>= 10'}
    cpu: [arm64]
    os: [linux]

  '@antoniomuso/lz4-napi-linux-arm64-musl@2.8.0':
    resolution: {integrity: sha512-lc4HCcmbvvXggoeb3CeGVhjBQrcaoGsIUUkWVaWdBOJTggjLCj67S7xEcqwFCeJQlGT7Ak36CLTbAbKWDRMMDA==}
    engines: {node: '>= 10'}
    cpu: [arm64]
    os: [linux]

  '@antoniomuso/lz4-napi-linux-x64-gnu@2.8.0':
    resolution: {integrity: sha512-iyaES5Gm3Bhxu+G9CzUlGNWCSzquyoKGne1T7kxeN1FnQa4vSVbX+QvN/3NueSNhoErqy3Eh3cdkoSyPj9fJZg==}
    engines: {node: '>= 10'}
    cpu: [x64]
    os: [linux]

  '@antoniomuso/lz4-napi-linux-x64-musl@2.8.0':
    resolution: {integrity: sha512-/EmFdbvT2LPcxDGalqvQXmSplGNmNySseWN7XBG2Z7AYq6kEobPZOU1+9z1YjmrR2LDQRO0wBZNXYGHRdKuMjg==}
    engines: {node: '>= 10'}
    cpu: [x64]
    os: [linux]

  '@antoniomuso/lz4-napi-win32-arm64-msvc@2.8.0':
    resolution: {integrity: sha512-m4ZgbxnUeNJDC861k+qc+zFjbYATgIx7xevyTavoAr04Apv9rBadrk9VmzUyqjjqTEpyI9OEyoFsIqb8hyCZ6w==}
    engines: {node: '>= 10'}
    cpu: [arm64]
    os: [win32]

  '@antoniomuso/lz4-napi-win32-ia32-msvc@2.8.0':
    resolution: {integrity: sha512-uMOirYEGNdg2GYD2wpRg6C5tv/D3S17XHifjELoYGmTdE0p31/yhcjN7o/rRNze5aEoo72eEjwQAruZi4SYPgQ==}
    engines: {node: '>= 10'}
    cpu: [ia32]
    os: [win32]

  '@antoniomuso/lz4-napi-win32-x64-msvc@2.8.0':
    resolution: {integrity: sha512-Vm1jrS59bB9tRBIuuDff6m6wTIrfl212FadFprI3QZpiErlSO0FKutTmv+DcMJ3sEkfXpMWR98D5cVBmFihW/g==}
    engines: {node: '>= 10'}
    cpu: [x64]
    os: [win32]

  '@cocalc/fuse-native@2.4.2':
    resolution: {integrity: sha512-l5YrVahdBTnrX/4jQplOSXqkrSMM5jXh5vC/OWbkImzInTbc7ymgZ/GBoYM6pzyoxjCLDTIauJSsmEssx4Nfxg==}
    hasBin: true

  '@isaacs/ttlcache@1.4.1':
    resolution: {integrity: sha512-RQgQ4uQ+pLbqXfOmieB91ejmLwvSgv9nLx6sT6sD83s7umBypgg+OIBOBbEUiJXrfpnp9j0mRhYYdzp9uqq3lA==}
    engines: {node: '>=12'}

  '@napi-rs/triples@1.2.0':
    resolution: {integrity: sha512-HAPjR3bnCsdXBsATpDIP5WCrw0JcACwhhrwIAQhiR46n+jm+a2F8kBsfseAuWtSyQ+H3Yebt2k43B5dy+04yMA==}

  '@node-rs/helper@1.6.0':
    resolution: {integrity: sha512-2OTh/tokcLA1qom1zuCJm2gQzaZljCCbtX1YCrwRVd/toz7KxaDRFeLTAPwhs8m9hWgzrBn5rShRm6IaZofCPw==}

  '@types/cookie@0.6.0':
    resolution: {integrity: sha512-4Kh9a6B2bQciAhf7FSuMRRkUWecJgJu9nPnx3yzpsfXX/c50REIqpHY4C82bXP90qrLtXtkDxTZosYO3UpOwlA==}

  '@types/node@18.16.14':
    resolution: {integrity: sha512-+ImzUB3mw2c5ISJUq0punjDilUQ5GnUim0ZRvchHIWJmOC0G+p0kzhXBqj6cDjK0QdPFwzrHWgrJp3RPvCG5qg==}

  '@types/ws@8.18.1':
    resolution: {integrity: sha512-ThVF6DCVhA8kUGy+aazFQ4kXQ7E1Ty7A3ypFOe0IcJV8O/M511G99AW24irKrW56Wt44yG9+ij8FaqoBGkuBXg==}

  awaiting@3.0.0:
    resolution: {integrity: sha512-19i4G7Hjxj9idgMlAM0BTRII8HfvsOdlr4D9cf3Dm1MZhvcKjBpzY8AMNEyIKyi+L9TIK15xZatmdcPG003yww==}
    engines: {node: '>=7.6.x'}

  binarysearch@1.0.1:
    resolution: {integrity: sha512-FqhwdeXh1ZSAS/YpJ6lD9+SMf8JodCibe7c51Z9L1zAjHKUDTBisQgdmpfaL+m1qHvwAHnSLR8d9UHc79Hr34g==}

  cookie@0.5.0:
    resolution: {integrity: sha512-YZ3GUyn/o8gfKJlnlX7g7xq4gyO6OSuhGPKaaGssGB2qgDUS0gPgtTvoyZLTt9Ab6dC4hfc9dV5arkvc/OCmrw==}
    engines: {node: '>= 0.6'}

  cookie@1.0.0:
    resolution: {integrity: sha512-bsSztFoaR8bw9MlFCrTHzc1wOKCUKOBsbgFdoDilZDkETAOOjKSqV7L+EQLbTaylwvZasd9vM4MGKotJaUfSpA==}
    engines: {node: '>=18'}

  debug@4.4.0:
    resolution: {integrity: sha512-6WTZ/IxCY/T6BALoZHaE4ctp9xm+Z5kY/pzYaCHRFeyVhojxlrm+46y68HA6hr0TcwEssoxNiDEUJQjfPZ/RYA==}
    engines: {node: '>=6.0'}
    peerDependencies:
      supports-color: '*'
    peerDependenciesMeta:
      supports-color:
        optional: true

  inherits@2.0.4:
    resolution: {integrity: sha512-k/vGaX4/Yla3WzyMCvTQOXYeIHvqOKtnqBduzTHpzpQZzAskKMhZ2K+EnBiSM9zGSoIFeMpXKxa4dYeZIQqewQ==}

  lz4-napi@2.8.0:
    resolution: {integrity: sha512-mvJVO3AlJCr5EACl1JxHUA3aMej77bjo53JXyNZXeB1HQLjWntjJSXUYLUwyUuB8NT7GkyPdUbzNYi0UDcdUJg==}
    engines: {node: '>= 10'}

  ms@2.1.3:
    resolution: {integrity: sha512-6FlzubTLZG3J2a/NVCAleEhjzq5oxgHyaCU9yYXvcLsvoVaHJq/s5xXI6/XXP6tz7R9xAOtHnSO/tXtF3WRTlA==}

  nanoresource@1.3.0:
    resolution: {integrity: sha512-OI5dswqipmlYfyL3k/YMm7mbERlh4Bd1KuKdMHpeoVD1iVxqxaTMKleB4qaA2mbQZ6/zMNSxCXv9M9P/YbqTuQ==}

  napi-macros@2.2.2:
    resolution: {integrity: sha512-hmEVtAGYzVQpCKdbQea4skABsdXW4RUh5t5mJ2zzqowJS2OyXZTU1KhDVFhx+NlWZ4ap9mqR9TcDO3LTTttd+g==}

  node-gyp-build@4.8.4:
    resolution: {integrity: sha512-LA4ZjwlnUblHVgq0oBF3Jl/6h/Nvs5fzBLwdEF4nuxnFdsfajde4WfxtJr3CaiH+F6ewcIB/q4jQ4UzPyid+CQ==}
    hasBin: true

  port-get@1.0.4:
    resolution: {integrity: sha512-B8RcNfc8Ld+7C31DPaKIQz2aO9dqIs+4sUjhxJ2TSjEaidwyxu05WBbm08FJe+qkVvLiQqPbEAfNw1rB7JbjtA==}

  typescript@5.7.3:
    resolution: {integrity: sha512-84MVSjMEHP+FQRPy3pX9sTVV/INIex71s9TL2Gm5FG/WG1SqXeKyZ0k7/blY/4FdOzI12CBy1vGc4og/eus0fw==}
    engines: {node: '>=14.17'}
    hasBin: true

  websocket-sftp@0.8.4:
    resolution: {integrity: sha512-2HaXu1ytAso3qDk6TsW5PtkYJUWdY5SdXVPavu8wyTETHlNUUVb0eFXmIGsfupuZc94p7lCquNdTw4Zo6ITepg==}
    engines: {node: '>=0.16.0'}

  websocketfs@0.17.6:
    resolution: {integrity: sha512-ncffrhje7jOIGjKXKFDnUb8/qScp4aacCehdltURLMCYPagYq4jjpCCpaZ40iYHNYPx+FfCB4tvZi53kTOopyQ==}
    engines: {node: '>=0.16.0'}
    hasBin: true

  ws@8.18.0:
    resolution: {integrity: sha512-8VbfWfHLbbwu3+N6OKsOMpBdT4kXPDDB9cJk2bJ6mh9ucxdlnNvH1e+roYkKmN9Nxw2yjz7VzeO9oOz2zJ04Pw==}
    engines: {node: '>=10.0.0'}
    peerDependencies:
      bufferutil: ^4.0.1
      utf-8-validate: '>=5.0.2'
    peerDependenciesMeta:
      bufferutil:
        optional: true
      utf-8-validate:
        optional: true

snapshots:

  '@antoniomuso/lz4-napi-android-arm-eabi@2.8.0':
    optional: true

  '@antoniomuso/lz4-napi-android-arm64@2.8.0':
    optional: true

  '@antoniomuso/lz4-napi-darwin-arm64@2.8.0':
    optional: true

  '@antoniomuso/lz4-napi-darwin-x64@2.8.0':
    optional: true

  '@antoniomuso/lz4-napi-freebsd-x64@2.8.0':
    optional: true

  '@antoniomuso/lz4-napi-linux-arm-gnueabihf@2.8.0':
    optional: true

  '@antoniomuso/lz4-napi-linux-arm64-gnu@2.8.0':
    optional: true

  '@antoniomuso/lz4-napi-linux-arm64-musl@2.8.0':
    optional: true

  '@antoniomuso/lz4-napi-linux-x64-gnu@2.8.0':
    optional: true

  '@antoniomuso/lz4-napi-linux-x64-musl@2.8.0':
    optional: true

  '@antoniomuso/lz4-napi-win32-arm64-msvc@2.8.0':
    optional: true

  '@antoniomuso/lz4-napi-win32-ia32-msvc@2.8.0':
    optional: true

  '@antoniomuso/lz4-napi-win32-x64-msvc@2.8.0':
    optional: true

  '@cocalc/fuse-native@2.4.2':
    dependencies:
      nanoresource: 1.3.0
      napi-macros: 2.2.2
      node-gyp-build: 4.8.4

  '@isaacs/ttlcache@1.4.1': {}

  '@napi-rs/triples@1.2.0': {}

  '@node-rs/helper@1.6.0':
    dependencies:
      '@napi-rs/triples': 1.2.0

  '@types/cookie@0.6.0': {}

  '@types/node@18.16.14': {}

  '@types/ws@8.18.1':
    dependencies:
      '@types/node': 18.16.14

  awaiting@3.0.0: {}

  binarysearch@1.0.1: {}

  cookie@0.5.0: {}

  cookie@1.0.0: {}

  debug@4.4.0:
    dependencies:
      ms: 2.1.3

  inherits@2.0.4: {}

  lz4-napi@2.8.0:
    dependencies:
      '@node-rs/helper': 1.6.0
    optionalDependencies:
      '@antoniomuso/lz4-napi-android-arm-eabi': 2.8.0
      '@antoniomuso/lz4-napi-android-arm64': 2.8.0
      '@antoniomuso/lz4-napi-darwin-arm64': 2.8.0
      '@antoniomuso/lz4-napi-darwin-x64': 2.8.0
      '@antoniomuso/lz4-napi-freebsd-x64': 2.8.0
      '@antoniomuso/lz4-napi-linux-arm-gnueabihf': 2.8.0
      '@antoniomuso/lz4-napi-linux-arm64-gnu': 2.8.0
      '@antoniomuso/lz4-napi-linux-arm64-musl': 2.8.0
      '@antoniomuso/lz4-napi-linux-x64-gnu': 2.8.0
      '@antoniomuso/lz4-napi-linux-x64-musl': 2.8.0
      '@antoniomuso/lz4-napi-win32-arm64-msvc': 2.8.0
      '@antoniomuso/lz4-napi-win32-ia32-msvc': 2.8.0
      '@antoniomuso/lz4-napi-win32-x64-msvc': 2.8.0

  ms@2.1.3: {}

  nanoresource@1.3.0:
    dependencies:
      inherits: 2.0.4

  napi-macros@2.2.2: {}

  node-gyp-build@4.8.4: {}

  port-get@1.0.4: {}

  typescript@5.7.3: {}

  websocket-sftp@0.8.4:
    dependencies:
      awaiting: 3.0.0
      debug: 4.4.0
      port-get: 1.0.4
      ws: 8.18.0
    transitivePeerDependencies:
      - bufferutil
      - supports-color
      - utf-8-validate

  websocketfs@0.17.6:
    dependencies:
      '@cocalc/fuse-native': 2.4.2
      '@isaacs/ttlcache': 1.4.1
      awaiting: 3.0.0
      binarysearch: 1.0.1
      cookie: 0.5.0
      debug: 4.4.0
      lz4-napi: 2.8.0
      port-get: 1.0.4
      websocket-sftp: 0.8.4
    transitivePeerDependencies:
      - bufferutil
      - supports-color
      - utf-8-validate

  ws@8.18.0: {}
